// !$*UTF8*$!
{
	archiveVersion = 1;
	classes = {
	};
	objectVersion = 54;
	objects = {

/* Begin PBXBuildFile section */
		A53A54A728D8F1D0004E0D66 /* Kingfisher in Frameworks */ = {isa = PBXBuildFile; productRef = A53A54A628D8F1D0004E0D66 /* Kingfisher */; };
		A53A54AA28D8F1E0004E0D66 /* Alamofire in Frameworks */ = {isa = PBXBuildFile; productRef = A53A54A928D8F1E0004E0D66 /* Alamofire */; };
		A53A54AD28D8F212004E0D66 /* CalendarPermission in Frameworks */ = {isa = PBXBuildFile; productRef = A53A54AC28D8F212004E0D66 /* CalendarPermission */; };
		A53A54AF28D8F212004E0D66 /* CameraPermission in Frameworks */ = {isa = PBXBuildFile; productRef = A53A54AE28D8F212004E0D66 /* CameraPermission */; };
		A53A54B128D8F212004E0D66 /* ContactsPermission in Frameworks */ = {isa = PBXBuildFile; productRef = A53A54B028D8F212004E0D66 /* ContactsPermission */; };
		A53A54B328D8F212004E0D66 /* FaceIDPermission in Frameworks */ = {isa = PBXBuildFile; productRef = A53A54B228D8F212004E0D66 /* FaceIDPermission */; };
		A53A54B528D8F212004E0D66 /* MediaLibraryPermission in Frameworks */ = {isa = PBXBuildFile; productRef = A53A54B428D8F212004E0D66 /* MediaLibraryPermission */; };
		A53A54B728D8F212004E0D66 /* MicrophonePermission in Frameworks */ = {isa = PBXBuildFile; productRef = A53A54B628D8F212004E0D66 /* MicrophonePermission */; };
		A53A54B928D8F212004E0D66 /* NotificationPermission in Frameworks */ = {isa = PBXBuildFile; productRef = A53A54B828D8F212004E0D66 /* NotificationPermission */; };
		A53A54BB28D8F212004E0D66 /* PhotoLibraryPermission in Frameworks */ = {isa = PBXBuildFile; productRef = A53A54BA28D8F212004E0D66 /* PhotoLibraryPermission */; };
		A53A54BD28D8F212004E0D66 /* RemindersPermission in Frameworks */ = {isa = PBXBuildFile; productRef = A53A54BC28D8F212004E0D66 /* RemindersPermission */; };
		A53A54C028D8F237004E0D66 /* SPIndicator in Frameworks */ = {isa = PBXBuildFile; productRef = A53A54BF28D8F237004E0D66 /* SPIndicator */; };
		A53A54C328D8F247004E0D66 /* Reusable in Frameworks */ = {isa = PBXBuildFile; productRef = A53A54C228D8F247004E0D66 /* Reusable */; };
		A53A54C628D8F253004E0D66 /* SafeSFSymbols in Frameworks */ = {isa = PBXBuildFile; productRef = A53A54C528D8F253004E0D66 /* SafeSFSymbols */; };
		A53A54C928D8F262004E0D66 /* SnapKit in Frameworks */ = {isa = PBXBuildFile; productRef = A53A54C828D8F262004E0D66 /* SnapKit */; };
		A53A54CC28D8F270004E0D66 /* SPConfetti in Frameworks */ = {isa = PBXBuildFile; productRef = A53A54CB28D8F270004E0D66 /* SPConfetti */; };
		A54F7D0928DE29F700245559 /* JTAppleCalendar in Frameworks */ = {isa = PBXBuildFile; productRef = A54F7D0828DE29F700245559 /* JTAppleCalendar */; };
		A54F7D0B28E0D30B00245559 /* DateCell.swift in Sources */ = {isa = PBXBuildFile; fileRef = A54F7D0A28E0D30B00245559 /* DateCell.swift */; };
		A54F7D1128E104DA00245559 /* ScheduleScreenTests.swift in Sources */ = {isa = PBXBuildFile; fileRef = A54F7D1028E104DA00245559 /* ScheduleScreenTests.swift */; };
		A54F7D1428E1063600245559 /* MockedLessonsService.swift in Sources */ = {isa = PBXBuildFile; fileRef = A54F7D1328E1063600245559 /* MockedLessonsService.swift */; };
		A54F7D1B28E211B300245559 /* SplashScreenInterfaces.swift in Sources */ = {isa = PBXBuildFile; fileRef = A54F7D1728E211B300245559 /* SplashScreenInterfaces.swift */; };
		A54F7D1C28E211B300245559 /* SplashScreenPresenter.swift in Sources */ = {isa = PBXBuildFile; fileRef = A54F7D1828E211B300245559 /* SplashScreenPresenter.swift */; };
		A54F7D1D28E211B300245559 /* SplashScreenViewController.swift in Sources */ = {isa = PBXBuildFile; fileRef = A54F7D1928E211B300245559 /* SplashScreenViewController.swift */; };
		A54F7D1E28E211B300245559 /* SplashScreenWireframe.swift in Sources */ = {isa = PBXBuildFile; fileRef = A54F7D1A28E211B300245559 /* SplashScreenWireframe.swift */; };
		A54F7D2028E2125300245559 /* icon.json in Resources */ = {isa = PBXBuildFile; fileRef = A54F7D1F28E2125300245559 /* icon.json */; };
		A54F7D2728E259E400245559 /* CoursesScreenInterfaces.swift in Sources */ = {isa = PBXBuildFile; fileRef = A54F7D2228E259E400245559 /* CoursesScreenInterfaces.swift */; };
		A54F7D2828E259E400245559 /* CoursesScreenPresenter.swift in Sources */ = {isa = PBXBuildFile; fileRef = A54F7D2328E259E400245559 /* CoursesScreenPresenter.swift */; };
		A54F7D2928E259E400245559 /* CoursesScreenViewController.swift in Sources */ = {isa = PBXBuildFile; fileRef = A54F7D2428E259E400245559 /* CoursesScreenViewController.swift */; };
		A54F7D2A28E259E400245559 /* CoursesScreenInteractor.swift in Sources */ = {isa = PBXBuildFile; fileRef = A54F7D2528E259E400245559 /* CoursesScreenInteractor.swift */; };
		A54F7D2B28E259E400245559 /* CoursesScreenWireframe.swift in Sources */ = {isa = PBXBuildFile; fileRef = A54F7D2628E259E400245559 /* CoursesScreenWireframe.swift */; };
		A54F7D2E28E25A9F00245559 /* CourseModel.swift in Sources */ = {isa = PBXBuildFile; fileRef = A54F7D2D28E25A9F00245559 /* CourseModel.swift */; };
		A54F7D3128E25B6600245559 /* CoursesService.swift in Sources */ = {isa = PBXBuildFile; fileRef = A54F7D3028E25B6600245559 /* CoursesService.swift */; };
		A54F7D3428E25D0B00245559 /* CourseTableViewCell.swift in Sources */ = {isa = PBXBuildFile; fileRef = A54F7D3328E25D0B00245559 /* CourseTableViewCell.swift */; };
		A54F7D3728E3401400245559 /* Fonts.swift in Sources */ = {isa = PBXBuildFile; fileRef = A54F7D3628E3401400245559 /* Fonts.swift */; };
		A54F7D3928E3401A00245559 /* Colors.swift in Sources */ = {isa = PBXBuildFile; fileRef = A54F7D3828E3401A00245559 /* Colors.swift */; };
		A54F7D3B28E3401F00245559 /* Labels.swift in Sources */ = {isa = PBXBuildFile; fileRef = A54F7D3A28E3401F00245559 /* Labels.swift */; };
		A54F7D3D28E3402600245559 /* Buttons.swift in Sources */ = {isa = PBXBuildFile; fileRef = A54F7D3C28E3402600245559 /* Buttons.swift */; };
		A54F7D4228E3443B00245559 /* UIViewControllerExtensions.swift in Sources */ = {isa = PBXBuildFile; fileRef = A54F7D4128E3443B00245559 /* UIViewControllerExtensions.swift */; };
		A54F7D4928E3463A00245559 /* CoursesCreatorScreenInterfaces.swift in Sources */ = {isa = PBXBuildFile; fileRef = A54F7D4428E3463900245559 /* CoursesCreatorScreenInterfaces.swift */; };
		A54F7D4A28E3463A00245559 /* CoursesCreatorScreenPresenter.swift in Sources */ = {isa = PBXBuildFile; fileRef = A54F7D4528E3463900245559 /* CoursesCreatorScreenPresenter.swift */; };
		A54F7D4B28E3463A00245559 /* CoursesCreatorScreenViewController.swift in Sources */ = {isa = PBXBuildFile; fileRef = A54F7D4628E3463900245559 /* CoursesCreatorScreenViewController.swift */; };
		A54F7D4C28E3463A00245559 /* CoursesCreatorScreenInteractor.swift in Sources */ = {isa = PBXBuildFile; fileRef = A54F7D4728E3463900245559 /* CoursesCreatorScreenInteractor.swift */; };
		A54F7D4D28E3463A00245559 /* CoursesCreatorScreenWireframe.swift in Sources */ = {isa = PBXBuildFile; fileRef = A54F7D4828E3463900245559 /* CoursesCreatorScreenWireframe.swift */; };
		A54F7D5028E3498500245559 /* FluidSlider in Frameworks */ = {isa = PBXBuildFile; productRef = A54F7D4F28E3498500245559 /* FluidSlider */; };
		A54F7D5328E34B9800245559 /* STTextView in Frameworks */ = {isa = PBXBuildFile; productRef = A54F7D5228E34B9800245559 /* STTextView */; };
		A568DF0528D3C85C00341814 /* ScheduleScreenInterfaces.swift in Sources */ = {isa = PBXBuildFile; fileRef = A568DEFF28D3C85C00341814 /* ScheduleScreenInterfaces.swift */; };
		A568DF0628D3C85C00341814 /* ScheduleScreenPresenter.swift in Sources */ = {isa = PBXBuildFile; fileRef = A568DF0028D3C85C00341814 /* ScheduleScreenPresenter.swift */; };
		A568DF0728D3C85C00341814 /* ScheduleScreenViewController.swift in Sources */ = {isa = PBXBuildFile; fileRef = A568DF0128D3C85C00341814 /* ScheduleScreenViewController.swift */; };
		A568DF0928D3C85C00341814 /* ScheduleScreenInteractor.swift in Sources */ = {isa = PBXBuildFile; fileRef = A568DF0328D3C85C00341814 /* ScheduleScreenInteractor.swift */; };
		A568DF0A28D3C85C00341814 /* ScheduleScreenWireframe.swift in Sources */ = {isa = PBXBuildFile; fileRef = A568DF0428D3C85C00341814 /* ScheduleScreenWireframe.swift */; };
		A568DF0E28D3C89B00341814 /* LessonModel.swift in Sources */ = {isa = PBXBuildFile; fileRef = A568DF0D28D3C89B00341814 /* LessonModel.swift */; };
		A568DF1028D3C8AC00341814 /* LessonTableViewCell.swift in Sources */ = {isa = PBXBuildFile; fileRef = A568DF0F28D3C8AC00341814 /* LessonTableViewCell.swift */; };
		A568DF1A28D3C9C600341814 /* BaseWireframe.swift in Sources */ = {isa = PBXBuildFile; fileRef = A568DF1528D3C9C600341814 /* BaseWireframe.swift */; };
		A568DF1B28D3C9C600341814 /* FormatterInterface.swift in Sources */ = {isa = PBXBuildFile; fileRef = A568DF1628D3C9C600341814 /* FormatterInterface.swift */; };
		A568DF1C28D3C9C600341814 /* PresenterInterface.swift in Sources */ = {isa = PBXBuildFile; fileRef = A568DF1728D3C9C600341814 /* PresenterInterface.swift */; };
		A568DF1D28D3C9C600341814 /* ViewInterface.swift in Sources */ = {isa = PBXBuildFile; fileRef = A568DF1828D3C9C600341814 /* ViewInterface.swift */; };
		A568DF1E28D3C9C600341814 /* InteractorInterface.swift in Sources */ = {isa = PBXBuildFile; fileRef = A568DF1928D3C9C600341814 /* InteractorInterface.swift */; };
		A568DF2028D3CDDA00341814 /* Constants.swift in Sources */ = {isa = PBXBuildFile; fileRef = A568DF1F28D3CDDA00341814 /* Constants.swift */; };
		A568DF2328D3D0FD00341814 /* AsyncPlus in Frameworks */ = {isa = PBXBuildFile; productRef = A568DF2228D3D0FD00341814 /* AsyncPlus */; };
		A5B5B99428D915EB001D3C93 /* SkeletonView in Frameworks */ = {isa = PBXBuildFile; productRef = A5B5B99328D915EB001D3C93 /* SkeletonView */; };
		A5B5B99728D91963001D3C93 /* CapsuleLabelView.swift in Sources */ = {isa = PBXBuildFile; fileRef = A5B5B99628D91963001D3C93 /* CapsuleLabelView.swift */; };
		A5B5B99928D91B35001D3C93 /* LessonsService.swift in Sources */ = {isa = PBXBuildFile; fileRef = A5B5B99828D91B35001D3C93 /* LessonsService.swift */; };
		A5B5B99D28D923A0001D3C93 /* Lottie in Frameworks */ = {isa = PBXBuildFile; productRef = A5B5B99C28D923A0001D3C93 /* Lottie */; };
		A5B5B99F28D926C2001D3C93 /* relaxAnimation.json in Resources */ = {isa = PBXBuildFile; fileRef = A5B5B99E28D926C2001D3C93 /* relaxAnimation.json */; };
		A5B5B9A228D92B6F001D3C93 /* EmptyScheduleView.swift in Sources */ = {isa = PBXBuildFile; fileRef = A5B5B9A128D92B6F001D3C93 /* EmptyScheduleView.swift */; };
		A5B5B9A528D92F54001D3C93 /* GradientLoadingBar in Frameworks */ = {isa = PBXBuildFile; productRef = A5B5B9A428D92F54001D3C93 /* GradientLoadingBar */; };
		A5B5B9A728D93253001D3C93 /* activeIndicator.json in Resources */ = {isa = PBXBuildFile; fileRef = A5B5B9A628D93253001D3C93 /* activeIndicator.json */; };
		A5B5B9A928D93305001D3C93 /* DateExtension.swift in Sources */ = {isa = PBXBuildFile; fileRef = A5B5B9A828D93305001D3C93 /* DateExtension.swift */; };
		E0FD11FD21477D0A008C2EF8 /* LaunchScreen.storyboard in Resources */ = {isa = PBXBuildFile; fileRef = E0FD11FC21477D0A008C2EF8 /* LaunchScreen.storyboard */; };
		E0FD11FF21477D1C008C2EF8 /* Assests.xcassets in Resources */ = {isa = PBXBuildFile; fileRef = E0FD11FE21477D1C008C2EF8 /* Assests.xcassets */; };
		E0FD121E214783B2008C2EF8 /* main.swift in Sources */ = {isa = PBXBuildFile; fileRef = E0FD121C214783B2008C2EF8 /* main.swift */; };
		E0FD121F214783B2008C2EF8 /* AppDelegate.swift in Sources */ = {isa = PBXBuildFile; fileRef = E0FD121D214783B2008C2EF8 /* AppDelegate.swift */; };
		E0FD1222214783F1008C2EF8 /* ScheduleAppTests.swift in Sources */ = {isa = PBXBuildFile; fileRef = E0FD1221214783F1008C2EF8 /* ScheduleAppTests.swift */; };
/* End PBXBuildFile section */

/* Begin PBXContainerItemProxy section */
		E0FD11C521477965008C2EF8 /* PBXContainerItemProxy */ = {
			isa = PBXContainerItemProxy;
			containerPortal = E0FD11A821477963008C2EF8 /* Project object */;
			proxyType = 1;
			remoteGlobalIDString = E0FD11AF21477963008C2EF8;
			remoteInfo = ScheduleApp;
		};
/* End PBXContainerItemProxy section */

/* Begin PBXCopyFilesBuildPhase section */
		E01BC7262148DA3A004BB3A4 /* Embed Frameworks */ = {
			isa = PBXCopyFilesBuildPhase;
			buildActionMask = 2147483647;
			dstPath = "";
			dstSubfolderSpec = 10;
			files = (
			);
			name = "Embed Frameworks";
			runOnlyForDeploymentPostprocessing = 0;
		};
/* End PBXCopyFilesBuildPhase section */

/* Begin PBXFileReference section */
		A54F7D0A28E0D30B00245559 /* DateCell.swift */ = {isa = PBXFileReference; lastKnownFileType = sourcecode.swift; path = DateCell.swift; sourceTree = "<group>"; };
		A54F7D1028E104DA00245559 /* ScheduleScreenTests.swift */ = {isa = PBXFileReference; lastKnownFileType = sourcecode.swift; path = ScheduleScreenTests.swift; sourceTree = "<group>"; };
		A54F7D1328E1063600245559 /* MockedLessonsService.swift */ = {isa = PBXFileReference; lastKnownFileType = sourcecode.swift; path = MockedLessonsService.swift; sourceTree = "<group>"; };
		A54F7D1728E211B300245559 /* SplashScreenInterfaces.swift */ = {isa = PBXFileReference; lastKnownFileType = sourcecode.swift; path = SplashScreenInterfaces.swift; sourceTree = "<group>"; };
		A54F7D1828E211B300245559 /* SplashScreenPresenter.swift */ = {isa = PBXFileReference; lastKnownFileType = sourcecode.swift; path = SplashScreenPresenter.swift; sourceTree = "<group>"; };
		A54F7D1928E211B300245559 /* SplashScreenViewController.swift */ = {isa = PBXFileReference; lastKnownFileType = sourcecode.swift; path = SplashScreenViewController.swift; sourceTree = "<group>"; };
		A54F7D1A28E211B300245559 /* SplashScreenWireframe.swift */ = {isa = PBXFileReference; lastKnownFileType = sourcecode.swift; path = SplashScreenWireframe.swift; sourceTree = "<group>"; };
		A54F7D1F28E2125300245559 /* icon.json */ = {isa = PBXFileReference; fileEncoding = 4; lastKnownFileType = text.json; path = icon.json; sourceTree = "<group>"; };
		A54F7D2228E259E400245559 /* CoursesScreenInterfaces.swift */ = {isa = PBXFileReference; lastKnownFileType = sourcecode.swift; path = CoursesScreenInterfaces.swift; sourceTree = "<group>"; };
		A54F7D2328E259E400245559 /* CoursesScreenPresenter.swift */ = {isa = PBXFileReference; lastKnownFileType = sourcecode.swift; path = CoursesScreenPresenter.swift; sourceTree = "<group>"; };
		A54F7D2428E259E400245559 /* CoursesScreenViewController.swift */ = {isa = PBXFileReference; lastKnownFileType = sourcecode.swift; path = CoursesScreenViewController.swift; sourceTree = "<group>"; };
		A54F7D2528E259E400245559 /* CoursesScreenInteractor.swift */ = {isa = PBXFileReference; lastKnownFileType = sourcecode.swift; path = CoursesScreenInteractor.swift; sourceTree = "<group>"; };
		A54F7D2628E259E400245559 /* CoursesScreenWireframe.swift */ = {isa = PBXFileReference; lastKnownFileType = sourcecode.swift; path = CoursesScreenWireframe.swift; sourceTree = "<group>"; };
		A54F7D2D28E25A9F00245559 /* CourseModel.swift */ = {isa = PBXFileReference; lastKnownFileType = sourcecode.swift; path = CourseModel.swift; sourceTree = "<group>"; };
		A54F7D3028E25B6600245559 /* CoursesService.swift */ = {isa = PBXFileReference; lastKnownFileType = sourcecode.swift; path = CoursesService.swift; sourceTree = "<group>"; };
		A54F7D3328E25D0B00245559 /* CourseTableViewCell.swift */ = {isa = PBXFileReference; lastKnownFileType = sourcecode.swift; path = CourseTableViewCell.swift; sourceTree = "<group>"; };
		A54F7D3628E3401400245559 /* Fonts.swift */ = {isa = PBXFileReference; lastKnownFileType = sourcecode.swift; path = Fonts.swift; sourceTree = "<group>"; };
		A54F7D3828E3401A00245559 /* Colors.swift */ = {isa = PBXFileReference; lastKnownFileType = sourcecode.swift; path = Colors.swift; sourceTree = "<group>"; };
		A54F7D3A28E3401F00245559 /* Labels.swift */ = {isa = PBXFileReference; lastKnownFileType = sourcecode.swift; path = Labels.swift; sourceTree = "<group>"; };
		A54F7D3C28E3402600245559 /* Buttons.swift */ = {isa = PBXFileReference; lastKnownFileType = sourcecode.swift; path = Buttons.swift; sourceTree = "<group>"; };
		A54F7D4128E3443B00245559 /* UIViewControllerExtensions.swift */ = {isa = PBXFileReference; lastKnownFileType = sourcecode.swift; path = UIViewControllerExtensions.swift; sourceTree = "<group>"; };
		A54F7D4428E3463900245559 /* CoursesCreatorScreenInterfaces.swift */ = {isa = PBXFileReference; lastKnownFileType = sourcecode.swift; path = CoursesCreatorScreenInterfaces.swift; sourceTree = "<group>"; };
		A54F7D4528E3463900245559 /* CoursesCreatorScreenPresenter.swift */ = {isa = PBXFileReference; lastKnownFileType = sourcecode.swift; path = CoursesCreatorScreenPresenter.swift; sourceTree = "<group>"; };
		A54F7D4628E3463900245559 /* CoursesCreatorScreenViewController.swift */ = {isa = PBXFileReference; lastKnownFileType = sourcecode.swift; path = CoursesCreatorScreenViewController.swift; sourceTree = "<group>"; };
		A54F7D4728E3463900245559 /* CoursesCreatorScreenInteractor.swift */ = {isa = PBXFileReference; lastKnownFileType = sourcecode.swift; path = CoursesCreatorScreenInteractor.swift; sourceTree = "<group>"; };
		A54F7D4828E3463900245559 /* CoursesCreatorScreenWireframe.swift */ = {isa = PBXFileReference; lastKnownFileType = sourcecode.swift; path = CoursesCreatorScreenWireframe.swift; sourceTree = "<group>"; };
		A568DEFF28D3C85C00341814 /* ScheduleScreenInterfaces.swift */ = {isa = PBXFileReference; lastKnownFileType = sourcecode.swift; path = ScheduleScreenInterfaces.swift; sourceTree = "<group>"; };
		A568DF0028D3C85C00341814 /* ScheduleScreenPresenter.swift */ = {isa = PBXFileReference; lastKnownFileType = sourcecode.swift; path = ScheduleScreenPresenter.swift; sourceTree = "<group>"; };
		A568DF0128D3C85C00341814 /* ScheduleScreenViewController.swift */ = {isa = PBXFileReference; lastKnownFileType = sourcecode.swift; path = ScheduleScreenViewController.swift; sourceTree = "<group>"; };
		A568DF0328D3C85C00341814 /* ScheduleScreenInteractor.swift */ = {isa = PBXFileReference; lastKnownFileType = sourcecode.swift; path = ScheduleScreenInteractor.swift; sourceTree = "<group>"; };
		A568DF0428D3C85C00341814 /* ScheduleScreenWireframe.swift */ = {isa = PBXFileReference; lastKnownFileType = sourcecode.swift; path = ScheduleScreenWireframe.swift; sourceTree = "<group>"; };
		A568DF0D28D3C89B00341814 /* LessonModel.swift */ = {isa = PBXFileReference; lastKnownFileType = sourcecode.swift; path = LessonModel.swift; sourceTree = "<group>"; };
		A568DF0F28D3C8AC00341814 /* LessonTableViewCell.swift */ = {isa = PBXFileReference; lastKnownFileType = sourcecode.swift; path = LessonTableViewCell.swift; sourceTree = "<group>"; };
		A568DF1528D3C9C600341814 /* BaseWireframe.swift */ = {isa = PBXFileReference; lastKnownFileType = sourcecode.swift; path = BaseWireframe.swift; sourceTree = "<group>"; };
		A568DF1628D3C9C600341814 /* FormatterInterface.swift */ = {isa = PBXFileReference; lastKnownFileType = sourcecode.swift; path = FormatterInterface.swift; sourceTree = "<group>"; };
		A568DF1728D3C9C600341814 /* PresenterInterface.swift */ = {isa = PBXFileReference; lastKnownFileType = sourcecode.swift; path = PresenterInterface.swift; sourceTree = "<group>"; };
		A568DF1828D3C9C600341814 /* ViewInterface.swift */ = {isa = PBXFileReference; lastKnownFileType = sourcecode.swift; path = ViewInterface.swift; sourceTree = "<group>"; };
		A568DF1928D3C9C600341814 /* InteractorInterface.swift */ = {isa = PBXFileReference; lastKnownFileType = sourcecode.swift; path = InteractorInterface.swift; sourceTree = "<group>"; };
		A568DF1F28D3CDDA00341814 /* Constants.swift */ = {isa = PBXFileReference; lastKnownFileType = sourcecode.swift; path = Constants.swift; sourceTree = "<group>"; };
		A5B5B99628D91963001D3C93 /* CapsuleLabelView.swift */ = {isa = PBXFileReference; lastKnownFileType = sourcecode.swift; path = CapsuleLabelView.swift; sourceTree = "<group>"; };
		A5B5B99828D91B35001D3C93 /* LessonsService.swift */ = {isa = PBXFileReference; lastKnownFileType = sourcecode.swift; path = LessonsService.swift; sourceTree = "<group>"; };
		A5B5B99E28D926C2001D3C93 /* relaxAnimation.json */ = {isa = PBXFileReference; fileEncoding = 4; lastKnownFileType = text.json; path = relaxAnimation.json; sourceTree = "<group>"; };
		A5B5B9A128D92B6F001D3C93 /* EmptyScheduleView.swift */ = {isa = PBXFileReference; lastKnownFileType = sourcecode.swift; path = EmptyScheduleView.swift; sourceTree = "<group>"; };
		A5B5B9A628D93253001D3C93 /* activeIndicator.json */ = {isa = PBXFileReference; fileEncoding = 4; lastKnownFileType = text.json; path = activeIndicator.json; sourceTree = "<group>"; };
		A5B5B9A828D93305001D3C93 /* DateExtension.swift */ = {isa = PBXFileReference; lastKnownFileType = sourcecode.swift; path = DateExtension.swift; sourceTree = "<group>"; };
		E0FD11B021477963008C2EF8 /* ScheduleApp.app */ = {isa = PBXFileReference; explicitFileType = wrapper.application; includeInIndex = 0; path = ScheduleApp.app; sourceTree = BUILT_PRODUCTS_DIR; };
		E0FD11C421477965008C2EF8 /* ScheduleAppTests.xctest */ = {isa = PBXFileReference; explicitFileType = wrapper.cfbundle; includeInIndex = 0; path = ScheduleAppTests.xctest; sourceTree = BUILT_PRODUCTS_DIR; };
		E0FD11FC21477D0A008C2EF8 /* LaunchScreen.storyboard */ = {isa = PBXFileReference; lastKnownFileType = file.storyboard; path = LaunchScreen.storyboard; sourceTree = "<group>"; };
		E0FD11FE21477D1C008C2EF8 /* Assests.xcassets */ = {isa = PBXFileReference; lastKnownFileType = folder.assetcatalog; path = Assests.xcassets; sourceTree = "<group>"; };
		E0FD120021477D29008C2EF8 /* Info.plist */ = {isa = PBXFileReference; lastKnownFileType = text.plist.xml; path = Info.plist; sourceTree = "<group>"; };
		E0FD1202214781CA008C2EF8 /* ReleaseTest.xcconfig */ = {isa = PBXFileReference; fileEncoding = 4; lastKnownFileType = text.xcconfig; path = ReleaseTest.xcconfig; sourceTree = "<group>"; };
		E0FD1203214781CA008C2EF8 /* Staging.xcconfig */ = {isa = PBXFileReference; fileEncoding = 4; lastKnownFileType = text.xcconfig; path = Staging.xcconfig; sourceTree = "<group>"; };
		E0FD1204214781CA008C2EF8 /* SharedTest.xcconfig */ = {isa = PBXFileReference; fileEncoding = 4; lastKnownFileType = text.xcconfig; path = SharedTest.xcconfig; sourceTree = "<group>"; };
		E0FD1205214781CA008C2EF8 /* Debug.xcconfig */ = {isa = PBXFileReference; fileEncoding = 4; lastKnownFileType = text.xcconfig; path = Debug.xcconfig; sourceTree = "<group>"; };
		E0FD1206214781CA008C2EF8 /* Shared.xcconfig */ = {isa = PBXFileReference; fileEncoding = 4; lastKnownFileType = text.xcconfig; path = Shared.xcconfig; sourceTree = "<group>"; };
		E0FD1207214781CA008C2EF8 /* Release.xcconfig */ = {isa = PBXFileReference; fileEncoding = 4; lastKnownFileType = text.xcconfig; path = Release.xcconfig; sourceTree = "<group>"; };
		E0FD1208214781CA008C2EF8 /* Application.xcconfig */ = {isa = PBXFileReference; fileEncoding = 4; lastKnownFileType = text.xcconfig; path = Application.xcconfig; sourceTree = "<group>"; };
		E0FD1209214781CA008C2EF8 /* StagingTest.xcconfig */ = {isa = PBXFileReference; fileEncoding = 4; lastKnownFileType = text.xcconfig; path = StagingTest.xcconfig; sourceTree = "<group>"; };
		E0FD120A214781CA008C2EF8 /* DebugTest.xcconfig */ = {isa = PBXFileReference; fileEncoding = 4; lastKnownFileType = text.xcconfig; path = DebugTest.xcconfig; sourceTree = "<group>"; };
		E0FD1214214781D2008C2EF8 /* DebugSigning.xcconfig */ = {isa = PBXFileReference; fileEncoding = 4; lastKnownFileType = text.xcconfig; path = DebugSigning.xcconfig; sourceTree = "<group>"; };
		E0FD1215214781D2008C2EF8 /* ReleaseSigning.xcconfig */ = {isa = PBXFileReference; fileEncoding = 4; lastKnownFileType = text.xcconfig; path = ReleaseSigning.xcconfig; sourceTree = "<group>"; };
		E0FD1216214781D2008C2EF8 /* SharedSigning.xcconfig */ = {isa = PBXFileReference; fileEncoding = 4; lastKnownFileType = text.xcconfig; path = SharedSigning.xcconfig; sourceTree = "<group>"; };
		E0FD1217214781D2008C2EF8 /* StagingSigning.xcconfig */ = {isa = PBXFileReference; fileEncoding = 4; lastKnownFileType = text.xcconfig; path = StagingSigning.xcconfig; sourceTree = "<group>"; };
		E0FD121C214783B2008C2EF8 /* main.swift */ = {isa = PBXFileReference; fileEncoding = 4; lastKnownFileType = sourcecode.swift; path = main.swift; sourceTree = "<group>"; };
		E0FD121D214783B2008C2EF8 /* AppDelegate.swift */ = {isa = PBXFileReference; fileEncoding = 4; lastKnownFileType = sourcecode.swift; path = AppDelegate.swift; sourceTree = "<group>"; };
		E0FD1220214783E9008C2EF8 /* Info.plist */ = {isa = PBXFileReference; lastKnownFileType = text.plist.xml; path = Info.plist; sourceTree = "<group>"; };
		E0FD1221214783F1008C2EF8 /* ScheduleAppTests.swift */ = {isa = PBXFileReference; fileEncoding = 4; lastKnownFileType = sourcecode.swift; path = ScheduleAppTests.swift; sourceTree = "<group>"; };
/* End PBXFileReference section */

/* Begin PBXFrameworksBuildPhase section */
		E0FD11AD21477963008C2EF8 /* Frameworks */ = {
			isa = PBXFrameworksBuildPhase;
			buildActionMask = 2147483647;
			files = (
				A54F7D5028E3498500245559 /* FluidSlider in Frameworks */,
				A53A54AD28D8F212004E0D66 /* CalendarPermission in Frameworks */,
				A53A54CC28D8F270004E0D66 /* SPConfetti in Frameworks */,
				A53A54A728D8F1D0004E0D66 /* Kingfisher in Frameworks */,
				A53A54BB28D8F212004E0D66 /* PhotoLibraryPermission in Frameworks */,
				A53A54B528D8F212004E0D66 /* MediaLibraryPermission in Frameworks */,
				A53A54BD28D8F212004E0D66 /* RemindersPermission in Frameworks */,
				A53A54B728D8F212004E0D66 /* MicrophonePermission in Frameworks */,
				A5B5B99D28D923A0001D3C93 /* Lottie in Frameworks */,
				A53A54AF28D8F212004E0D66 /* CameraPermission in Frameworks */,
				A53A54AA28D8F1E0004E0D66 /* Alamofire in Frameworks */,
				A53A54B128D8F212004E0D66 /* ContactsPermission in Frameworks */,
				A53A54C028D8F237004E0D66 /* SPIndicator in Frameworks */,
				A53A54B328D8F212004E0D66 /* FaceIDPermission in Frameworks */,
				A53A54C928D8F262004E0D66 /* SnapKit in Frameworks */,
				A568DF2328D3D0FD00341814 /* AsyncPlus in Frameworks */,
				A53A54B928D8F212004E0D66 /* NotificationPermission in Frameworks */,
				A53A54C628D8F253004E0D66 /* SafeSFSymbols in Frameworks */,
				A5B5B99428D915EB001D3C93 /* SkeletonView in Frameworks */,
				A54F7D5328E34B9800245559 /* STTextView in Frameworks */,
				A53A54C328D8F247004E0D66 /* Reusable in Frameworks */,
				A54F7D0928DE29F700245559 /* JTAppleCalendar in Frameworks */,
				A5B5B9A528D92F54001D3C93 /* GradientLoadingBar in Frameworks */,
			);
			runOnlyForDeploymentPostprocessing = 0;
		};
		E0FD11C121477965008C2EF8 /* Frameworks */ = {
			isa = PBXFrameworksBuildPhase;
			buildActionMask = 2147483647;
			files = (
			);
			runOnlyForDeploymentPostprocessing = 0;
		};
/* End PBXFrameworksBuildPhase section */

/* Begin PBXGroup section */
		A54F7D1228E1062000245559 /* ScheduleScreen */ = {
			isa = PBXGroup;
			children = (
				A54F7D1028E104DA00245559 /* ScheduleScreenTests.swift */,
				A54F7D1528E1063B00245559 /* Mocks */,
			);
			path = ScheduleScreen;
			sourceTree = "<group>";
		};
		A54F7D1528E1063B00245559 /* Mocks */ = {
			isa = PBXGroup;
			children = (
				A54F7D1328E1063600245559 /* MockedLessonsService.swift */,
			);
			path = Mocks;
			sourceTree = "<group>";
		};
		A54F7D1628E2118B00245559 /* SplashScreen */ = {
			isa = PBXGroup;
			children = (
				A54F7D1728E211B300245559 /* SplashScreenInterfaces.swift */,
				A54F7D1828E211B300245559 /* SplashScreenPresenter.swift */,
				A54F7D1928E211B300245559 /* SplashScreenViewController.swift */,
				A54F7D1A28E211B300245559 /* SplashScreenWireframe.swift */,
			);
			path = SplashScreen;
			sourceTree = "<group>";
		};
		A54F7D2128E259BD00245559 /* CoursesScreen */ = {
			isa = PBXGroup;
			children = (
				A54F7D3228E25CFF00245559 /* Cell */,
				A54F7D2C28E25A9400245559 /* Models */,
				A54F7D2228E259E400245559 /* CoursesScreenInterfaces.swift */,
				A54F7D2328E259E400245559 /* CoursesScreenPresenter.swift */,
				A54F7D2428E259E400245559 /* CoursesScreenViewController.swift */,
				A54F7D2528E259E400245559 /* CoursesScreenInteractor.swift */,
				A54F7D2628E259E400245559 /* CoursesScreenWireframe.swift */,
				A54F7D2F28E25B5600245559 /* Services */,
			);
			path = CoursesScreen;
			sourceTree = "<group>";
		};
		A54F7D2C28E25A9400245559 /* Models */ = {
			isa = PBXGroup;
			children = (
				A54F7D2D28E25A9F00245559 /* CourseModel.swift */,
			);
			path = Models;
			sourceTree = "<group>";
		};
		A54F7D2F28E25B5600245559 /* Services */ = {
			isa = PBXGroup;
			children = (
				A54F7D3028E25B6600245559 /* CoursesService.swift */,
			);
			path = Services;
			sourceTree = "<group>";
		};
		A54F7D3228E25CFF00245559 /* Cell */ = {
			isa = PBXGroup;
			children = (
				A54F7D3328E25D0B00245559 /* CourseTableViewCell.swift */,
			);
			path = Cell;
			sourceTree = "<group>";
		};
		A54F7D3528E3400600245559 /* UIComponents */ = {
			isa = PBXGroup;
			children = (
				A54F7D3628E3401400245559 /* Fonts.swift */,
				A54F7D3828E3401A00245559 /* Colors.swift */,
				A54F7D3A28E3401F00245559 /* Labels.swift */,
				A54F7D3C28E3402600245559 /* Buttons.swift */,
			);
			name = UIComponents;
			sourceTree = "<group>";
		};
		A54F7D4328E3461200245559 /* CoursesCreatorScreen */ = {
			isa = PBXGroup;
			children = (
				A54F7D4428E3463900245559 /* CoursesCreatorScreenInterfaces.swift */,
				A54F7D4528E3463900245559 /* CoursesCreatorScreenPresenter.swift */,
				A54F7D4628E3463900245559 /* CoursesCreatorScreenViewController.swift */,
				A54F7D4728E3463900245559 /* CoursesCreatorScreenInteractor.swift */,
				A54F7D4828E3463900245559 /* CoursesCreatorScreenWireframe.swift */,
			);
			path = CoursesCreatorScreen;
			sourceTree = "<group>";
		};
		A568DEFE28D3C84D00341814 /* ScheduleScreen */ = {
			isa = PBXGroup;
			children = (
				A5B5B99528D91954001D3C93 /* HelperViews */,
				A568DF0C28D3C89000341814 /* Models */,
				A568DF0B28D3C88C00341814 /* Cell */,
				A568DEFF28D3C85C00341814 /* ScheduleScreenInterfaces.swift */,
				A568DF0028D3C85C00341814 /* ScheduleScreenPresenter.swift */,
				A568DF0128D3C85C00341814 /* ScheduleScreenViewController.swift */,
				A568DF0328D3C85C00341814 /* ScheduleScreenInteractor.swift */,
				A568DF0428D3C85C00341814 /* ScheduleScreenWireframe.swift */,
				A5B5B99A28D91B3A001D3C93 /* Services */,
			);
			path = ScheduleScreen;
			sourceTree = "<group>";
		};
		A568DF0B28D3C88C00341814 /* Cell */ = {
			isa = PBXGroup;
			children = (
				A568DF0F28D3C8AC00341814 /* LessonTableViewCell.swift */,
				A54F7D0A28E0D30B00245559 /* DateCell.swift */,
			);
			path = Cell;
			sourceTree = "<group>";
		};
		A568DF0C28D3C89000341814 /* Models */ = {
			isa = PBXGroup;
			children = (
				A568DF0D28D3C89B00341814 /* LessonModel.swift */,
			);
			path = Models;
			sourceTree = "<group>";
		};
		A568DF1128D3C8D100341814 /* Helpers */ = {
			isa = PBXGroup;
			children = (
				A5B5B9A828D93305001D3C93 /* DateExtension.swift */,
				A54F7D4128E3443B00245559 /* UIViewControllerExtensions.swift */,
			);
			name = Helpers;
			sourceTree = "<group>";
		};
		A568DF1428D3C9B600341814 /* BaseVIPER */ = {
			isa = PBXGroup;
			children = (
				A568DF1528D3C9C600341814 /* BaseWireframe.swift */,
				A568DF1628D3C9C600341814 /* FormatterInterface.swift */,
				A568DF1728D3C9C600341814 /* PresenterInterface.swift */,
				A568DF1828D3C9C600341814 /* ViewInterface.swift */,
				A568DF1928D3C9C600341814 /* InteractorInterface.swift */,
			);
			name = BaseVIPER;
			sourceTree = "<group>";
		};
		A5B5B99528D91954001D3C93 /* HelperViews */ = {
			isa = PBXGroup;
			children = (
				A5B5B99628D91963001D3C93 /* CapsuleLabelView.swift */,
				A5B5B9A128D92B6F001D3C93 /* EmptyScheduleView.swift */,
			);
			path = HelperViews;
			sourceTree = "<group>";
		};
		A5B5B99A28D91B3A001D3C93 /* Services */ = {
			isa = PBXGroup;
			children = (
				A5B5B99828D91B35001D3C93 /* LessonsService.swift */,
			);
			path = Services;
			sourceTree = "<group>";
		};
		A5B5B9A028D926C9001D3C93 /* LottieAnimations */ = {
			isa = PBXGroup;
			children = (
				A5B5B99E28D926C2001D3C93 /* relaxAnimation.json */,
				A5B5B9A628D93253001D3C93 /* activeIndicator.json */,
				A54F7D1F28E2125300245559 /* icon.json */,
			);
			path = LottieAnimations;
			sourceTree = "<group>";
		};
		A5ED262228D374F30041EBBD /* Application */ = {
			isa = PBXGroup;
			children = (
				A54F7D3528E3400600245559 /* UIComponents */,
				A568DF1428D3C9B600341814 /* BaseVIPER */,
				A568DF1128D3C8D100341814 /* Helpers */,
				E0FD121D214783B2008C2EF8 /* AppDelegate.swift */,
				E0FD121C214783B2008C2EF8 /* main.swift */,
				A568DF1F28D3CDDA00341814 /* Constants.swift */,
			);
			name = Application;
			sourceTree = "<group>";
		};
		E0BB8FB721695633001922DE /* Scenes */ = {
			isa = PBXGroup;
			children = (
				A54F7D4328E3461200245559 /* CoursesCreatorScreen */,
				A54F7D2128E259BD00245559 /* CoursesScreen */,
				A54F7D1628E2118B00245559 /* SplashScreen */,
				A568DEFE28D3C84D00341814 /* ScheduleScreen */,
			);
			path = Scenes;
			sourceTree = "<group>";
		};
		E0FD11A721477963008C2EF8 = {
			isa = PBXGroup;
			children = (
				E0FD11B221477963008C2EF8 /* ScheduleApp */,
				E0FD11C721477965008C2EF8 /* ScheduleAppTests */,
				E0FD11B121477963008C2EF8 /* Products */,
			);
			sourceTree = "<group>";
		};
		E0FD11B121477963008C2EF8 /* Products */ = {
			isa = PBXGroup;
			children = (
				E0FD11B021477963008C2EF8 /* ScheduleApp.app */,
				E0FD11C421477965008C2EF8 /* ScheduleAppTests.xctest */,
			);
			name = Products;
			sourceTree = "<group>";
		};
		E0FD11B221477963008C2EF8 /* ScheduleApp */ = {
			isa = PBXGroup;
			children = (
				E0BB8FB721695633001922DE /* Scenes */,
				E0FD11F821477C98008C2EF8 /* Resources */,
				E0FD11F721477C92008C2EF8 /* Configurations */,
				A5ED262228D374F30041EBBD /* Application */,
				A5B5B9A028D926C9001D3C93 /* LottieAnimations */,
			);
			path = ScheduleApp;
			sourceTree = "<group>";
		};
		E0FD11C721477965008C2EF8 /* ScheduleAppTests */ = {
			isa = PBXGroup;
			children = (
				E0FD11FA21477CB2008C2EF8 /* Tests */,
				E0FD11F921477CAB008C2EF8 /* Configurations */,
			);
			path = ScheduleAppTests;
			sourceTree = "<group>";
		};
		E0FD11F721477C92008C2EF8 /* Configurations */ = {
			isa = PBXGroup;
			children = (
				E0FD11FB21477CCB008C2EF8 /* Builds */,
				E0FD120021477D29008C2EF8 /* Info.plist */,
			);
			path = Configurations;
			sourceTree = "<group>";
		};
		E0FD11F821477C98008C2EF8 /* Resources */ = {
			isa = PBXGroup;
			children = (
				E0FD11FC21477D0A008C2EF8 /* LaunchScreen.storyboard */,
				E0FD11FE21477D1C008C2EF8 /* Assests.xcassets */,
			);
			path = Resources;
			sourceTree = "<group>";
		};
		E0FD11F921477CAB008C2EF8 /* Configurations */ = {
			isa = PBXGroup;
			children = (
				E0FD1220214783E9008C2EF8 /* Info.plist */,
			);
			path = Configurations;
			sourceTree = "<group>";
		};
		E0FD11FA21477CB2008C2EF8 /* Tests */ = {
			isa = PBXGroup;
			children = (
				E0FD1221214783F1008C2EF8 /* ScheduleAppTests.swift */,
				A54F7D1228E1062000245559 /* ScheduleScreen */,
			);
			path = Tests;
			sourceTree = "<group>";
		};
		E0FD11FB21477CCB008C2EF8 /* Builds */ = {
			isa = PBXGroup;
			children = (
				E0FD1208214781CA008C2EF8 /* Application.xcconfig */,
				E0FD1205214781CA008C2EF8 /* Debug.xcconfig */,
				E0FD120A214781CA008C2EF8 /* DebugTest.xcconfig */,
				E0FD1207214781CA008C2EF8 /* Release.xcconfig */,
				E0FD1202214781CA008C2EF8 /* ReleaseTest.xcconfig */,
				E0FD1206214781CA008C2EF8 /* Shared.xcconfig */,
				E0FD1204214781CA008C2EF8 /* SharedTest.xcconfig */,
				E0FD1203214781CA008C2EF8 /* Staging.xcconfig */,
				E0FD1209214781CA008C2EF8 /* StagingTest.xcconfig */,
				E0FD12012147817C008C2EF8 /* Signing */,
			);
			path = Builds;
			sourceTree = "<group>";
		};
		E0FD12012147817C008C2EF8 /* Signing */ = {
			isa = PBXGroup;
			children = (
				E0FD1214214781D2008C2EF8 /* DebugSigning.xcconfig */,
				E0FD1215214781D2008C2EF8 /* ReleaseSigning.xcconfig */,
				E0FD1216214781D2008C2EF8 /* SharedSigning.xcconfig */,
				E0FD1217214781D2008C2EF8 /* StagingSigning.xcconfig */,
			);
			path = Signing;
			sourceTree = "<group>";
		};
/* End PBXGroup section */

/* Begin PBXNativeTarget section */
		E0FD11AF21477963008C2EF8 /* ScheduleApp */ = {
			isa = PBXNativeTarget;
			buildConfigurationList = E0FD11CD21477965008C2EF8 /* Build configuration list for PBXNativeTarget "ScheduleApp" */;
			buildPhases = (
				E0C82F2521478957009EA559 /* SwiftLint */,
				E0FD11AC21477963008C2EF8 /* Sources */,
				E0FD11AD21477963008C2EF8 /* Frameworks */,
				E0FD11AE21477963008C2EF8 /* Resources */,
				E01BC7262148DA3A004BB3A4 /* Embed Frameworks */,
			);
			buildRules = (
			);
			dependencies = (
			);
			name = ScheduleApp;
			packageProductDependencies = (
				A568DF2228D3D0FD00341814 /* AsyncPlus */,
				A53A54A628D8F1D0004E0D66 /* Kingfisher */,
				A53A54A928D8F1E0004E0D66 /* Alamofire */,
				A53A54AC28D8F212004E0D66 /* CalendarPermission */,
				A53A54AE28D8F212004E0D66 /* CameraPermission */,
				A53A54B028D8F212004E0D66 /* ContactsPermission */,
				A53A54B228D8F212004E0D66 /* FaceIDPermission */,
				A53A54B428D8F212004E0D66 /* MediaLibraryPermission */,
				A53A54B628D8F212004E0D66 /* MicrophonePermission */,
				A53A54B828D8F212004E0D66 /* NotificationPermission */,
				A53A54BA28D8F212004E0D66 /* PhotoLibraryPermission */,
				A53A54BC28D8F212004E0D66 /* RemindersPermission */,
				A53A54BF28D8F237004E0D66 /* SPIndicator */,
				A53A54C228D8F247004E0D66 /* Reusable */,
				A53A54C528D8F253004E0D66 /* SafeSFSymbols */,
				A53A54C828D8F262004E0D66 /* SnapKit */,
				A53A54CB28D8F270004E0D66 /* SPConfetti */,
				A5B5B99328D915EB001D3C93 /* SkeletonView */,
				A5B5B99C28D923A0001D3C93 /* Lottie */,
				A5B5B9A428D92F54001D3C93 /* GradientLoadingBar */,
				A54F7D0828DE29F700245559 /* JTAppleCalendar */,
				A54F7D4F28E3498500245559 /* FluidSlider */,
				A54F7D5228E34B9800245559 /* STTextView */,
			);
			productName = ScheduleApp;
			productReference = E0FD11B021477963008C2EF8 /* ScheduleApp.app */;
			productType = "com.apple.product-type.application";
		};
		E0FD11C321477965008C2EF8 /* ScheduleAppTests */ = {
			isa = PBXNativeTarget;
			buildConfigurationList = E0FD11D021477965008C2EF8 /* Build configuration list for PBXNativeTarget "ScheduleAppTests" */;
			buildPhases = (
				E0FD11C021477965008C2EF8 /* Sources */,
				E0FD11C121477965008C2EF8 /* Frameworks */,
				E0FD11C221477965008C2EF8 /* Resources */,
			);
			buildRules = (
			);
			dependencies = (
				E0FD11C621477965008C2EF8 /* PBXTargetDependency */,
			);
			name = ScheduleAppTests;
			productName = ScheduleAppTests;
			productReference = E0FD11C421477965008C2EF8 /* ScheduleAppTests.xctest */;
			productType = "com.apple.product-type.bundle.unit-test";
		};
/* End PBXNativeTarget section */

/* Begin PBXProject section */
		E0FD11A821477963008C2EF8 /* Project object */ = {
			isa = PBXProject;
			attributes = {
				LastSwiftUpdateCheck = 1000;
				LastUpgradeCheck = 1400;
				ORGANIZATIONNAME = messeb.com;
				TargetAttributes = {
					E0FD11AF21477963008C2EF8 = {
						CreatedOnToolsVersion = 10.0;
						LastSwiftMigration = 1000;
					};
					E0FD11C321477965008C2EF8 = {
						CreatedOnToolsVersion = 10.0;
						LastSwiftMigration = 1100;
						TestTargetID = E0FD11AF21477963008C2EF8;
					};
				};
			};
			buildConfigurationList = E0FD11AB21477963008C2EF8 /* Build configuration list for PBXProject "ScheduleApp" */;
			compatibilityVersion = "Xcode 10.0";
			developmentRegion = en;
			hasScannedForEncodings = 0;
			knownRegions = (
				en,
				Base,
			);
			mainGroup = E0FD11A721477963008C2EF8;
			packageReferences = (
				A568DF2128D3D0FD00341814 /* XCRemoteSwiftPackageReference "async-plus" */,
				A53A54A528D8F1D0004E0D66 /* XCRemoteSwiftPackageReference "Kingfisher" */,
				A53A54A828D8F1E0004E0D66 /* XCRemoteSwiftPackageReference "Alamofire" */,
				A53A54AB28D8F212004E0D66 /* XCRemoteSwiftPackageReference "PermissionsKit" */,
				A53A54BE28D8F237004E0D66 /* XCRemoteSwiftPackageReference "SPIndicator" */,
				A53A54C128D8F247004E0D66 /* XCRemoteSwiftPackageReference "Reusable" */,
				A53A54C428D8F253004E0D66 /* XCRemoteSwiftPackageReference "SafeSFSymbols" */,
				A53A54C728D8F262004E0D66 /* XCRemoteSwiftPackageReference "SnapKit" */,
				A53A54CA28D8F270004E0D66 /* XCRemoteSwiftPackageReference "SPConfetti" */,
				A5B5B99228D915EB001D3C93 /* XCRemoteSwiftPackageReference "SkeletonView" */,
				A5B5B99B28D923A0001D3C93 /* XCRemoteSwiftPackageReference "lottie-ios" */,
				A5B5B9A328D92F54001D3C93 /* XCRemoteSwiftPackageReference "GradientLoadingBar" */,
				A54F7D0728DE29F700245559 /* XCRemoteSwiftPackageReference "JTAppleCalendar" */,
				A54F7D4E28E3498500245559 /* XCRemoteSwiftPackageReference "fluid-slider" */,
				A54F7D5128E34B9700245559 /* XCRemoteSwiftPackageReference "STTextView" */,
			);
			productRefGroup = E0FD11B121477963008C2EF8 /* Products */;
			projectDirPath = "";
			projectRoot = "";
			targets = (
				E0FD11AF21477963008C2EF8 /* ScheduleApp */,
				E0FD11C321477965008C2EF8 /* ScheduleAppTests */,
			);
		};
/* End PBXProject section */

/* Begin PBXResourcesBuildPhase section */
		E0FD11AE21477963008C2EF8 /* Resources */ = {
			isa = PBXResourcesBuildPhase;
			buildActionMask = 2147483647;
			files = (
				A5B5B99F28D926C2001D3C93 /* relaxAnimation.json in Resources */,
				A5B5B9A728D93253001D3C93 /* activeIndicator.json in Resources */,
				A54F7D2028E2125300245559 /* icon.json in Resources */,
				E0FD11FF21477D1C008C2EF8 /* Assests.xcassets in Resources */,
				E0FD11FD21477D0A008C2EF8 /* LaunchScreen.storyboard in Resources */,
			);
			runOnlyForDeploymentPostprocessing = 0;
		};
		E0FD11C221477965008C2EF8 /* Resources */ = {
			isa = PBXResourcesBuildPhase;
			buildActionMask = 2147483647;
			files = (
			);
			runOnlyForDeploymentPostprocessing = 0;
		};
/* End PBXResourcesBuildPhase section */

/* Begin PBXShellScriptBuildPhase section */
		E0C82F2521478957009EA559 /* SwiftLint */ = {
			isa = PBXShellScriptBuildPhase;
			alwaysOutOfDate = 1;
			buildActionMask = 2147483647;
			files = (
			);
			inputFileListPaths = (
			);
			inputPaths = (
			);
			name = SwiftLint;
			outputFileListPaths = (
			);
			outputPaths = (
			);
			runOnlyForDeploymentPostprocessing = 0;
			shellPath = /bin/sh;
			shellScript = "if which swiftlint >/dev/null; then\n    swiftlint\nelse\n    echo \"warning: SwiftLint not installed, download from https://github.com/realm/SwiftLint\"\nfi\n";
		};
/* End PBXShellScriptBuildPhase section */

/* Begin PBXSourcesBuildPhase section */
		E0FD11AC21477963008C2EF8 /* Sources */ = {
			isa = PBXSourcesBuildPhase;
			buildActionMask = 2147483647;
			files = (
				A54F7D4C28E3463A00245559 /* CoursesCreatorScreenInteractor.swift in Sources */,
				A54F7D1B28E211B300245559 /* SplashScreenInterfaces.swift in Sources */,
				A54F7D2B28E259E400245559 /* CoursesScreenWireframe.swift in Sources */,
				A54F7D1C28E211B300245559 /* SplashScreenPresenter.swift in Sources */,
				A54F7D3928E3401A00245559 /* Colors.swift in Sources */,
				A568DF1E28D3C9C600341814 /* InteractorInterface.swift in Sources */,
				A54F7D2928E259E400245559 /* CoursesScreenViewController.swift in Sources */,
				A54F7D1E28E211B300245559 /* SplashScreenWireframe.swift in Sources */,
				A54F7D2E28E25A9F00245559 /* CourseModel.swift in Sources */,
				A54F7D1D28E211B300245559 /* SplashScreenViewController.swift in Sources */,
				A54F7D3428E25D0B00245559 /* CourseTableViewCell.swift in Sources */,
				A5B5B9A928D93305001D3C93 /* DateExtension.swift in Sources */,
				A5B5B99928D91B35001D3C93 /* LessonsService.swift in Sources */,
				A568DF0728D3C85C00341814 /* ScheduleScreenViewController.swift in Sources */,
				A568DF0928D3C85C00341814 /* ScheduleScreenInteractor.swift in Sources */,
				A5B5B99728D91963001D3C93 /* CapsuleLabelView.swift in Sources */,
				A568DF1028D3C8AC00341814 /* LessonTableViewCell.swift in Sources */,
				A568DF1A28D3C9C600341814 /* BaseWireframe.swift in Sources */,
				A54F7D4B28E3463A00245559 /* CoursesCreatorScreenViewController.swift in Sources */,
				A568DF0528D3C85C00341814 /* ScheduleScreenInterfaces.swift in Sources */,
				A568DF0A28D3C85C00341814 /* ScheduleScreenWireframe.swift in Sources */,
				A54F7D4928E3463A00245559 /* CoursesCreatorScreenInterfaces.swift in Sources */,
				A568DF2028D3CDDA00341814 /* Constants.swift in Sources */,
				A54F7D3728E3401400245559 /* Fonts.swift in Sources */,
				A568DF1C28D3C9C600341814 /* PresenterInterface.swift in Sources */,
				A54F7D4D28E3463A00245559 /* CoursesCreatorScreenWireframe.swift in Sources */,
				A568DF0628D3C85C00341814 /* ScheduleScreenPresenter.swift in Sources */,
				A568DF1D28D3C9C600341814 /* ViewInterface.swift in Sources */,
				A54F7D2A28E259E400245559 /* CoursesScreenInteractor.swift in Sources */,
				A54F7D3128E25B6600245559 /* CoursesService.swift in Sources */,
				A54F7D4228E3443B00245559 /* UIViewControllerExtensions.swift in Sources */,
				E0FD121F214783B2008C2EF8 /* AppDelegate.swift in Sources */,
				A54F7D3D28E3402600245559 /* Buttons.swift in Sources */,
				A54F7D2828E259E400245559 /* CoursesScreenPresenter.swift in Sources */,
				A54F7D0B28E0D30B00245559 /* DateCell.swift in Sources */,
				A568DF1B28D3C9C600341814 /* FormatterInterface.swift in Sources */,
				A54F7D4A28E3463A00245559 /* CoursesCreatorScreenPresenter.swift in Sources */,
				E0FD121E214783B2008C2EF8 /* main.swift in Sources */,
				A54F7D3B28E3401F00245559 /* Labels.swift in Sources */,
				A54F7D2728E259E400245559 /* CoursesScreenInterfaces.swift in Sources */,
				A5B5B9A228D92B6F001D3C93 /* EmptyScheduleView.swift in Sources */,
				A568DF0E28D3C89B00341814 /* LessonModel.swift in Sources */,
			);
			runOnlyForDeploymentPostprocessing = 0;
		};
		E0FD11C021477965008C2EF8 /* Sources */ = {
			isa = PBXSourcesBuildPhase;
			buildActionMask = 2147483647;
			files = (
				A54F7D1128E104DA00245559 /* ScheduleScreenTests.swift in Sources */,
				A54F7D1428E1063600245559 /* MockedLessonsService.swift in Sources */,
				E0FD1222214783F1008C2EF8 /* ScheduleAppTests.swift in Sources */,
			);
			runOnlyForDeploymentPostprocessing = 0;
		};
/* End PBXSourcesBuildPhase section */

/* Begin PBXTargetDependency section */
		E0FD11C621477965008C2EF8 /* PBXTargetDependency */ = {
			isa = PBXTargetDependency;
			target = E0FD11AF21477963008C2EF8 /* ScheduleApp */;
			targetProxy = E0FD11C521477965008C2EF8 /* PBXContainerItemProxy */;
		};
/* End PBXTargetDependency section */

/* Begin XCBuildConfiguration section */
		E0C82F4621478B2D009EA559 /* Release */ = {
			isa = XCBuildConfiguration;
			baseConfigurationReference = E0FD1208214781CA008C2EF8 /* Application.xcconfig */;
			buildSettings = {
				CLANG_WARN_QUOTED_INCLUDE_IN_FRAMEWORK_HEADER = YES;
				IPHONEOS_DEPLOYMENT_TARGET = 14.0;
				MTL_ENABLE_DEBUG_INFO = NO;
				MTL_FAST_MATH = YES;
				SWIFT_COMPILATION_MODE = wholemodule;
				SWIFT_OPTIMIZATION_LEVEL = "-O";
			};
			name = Release;
		};
		E0C82F4721478B2D009EA559 /* Release */ = {
			isa = XCBuildConfiguration;
			baseConfigurationReference = E0FD1207214781CA008C2EF8 /* Release.xcconfig */;
			buildSettings = {
				ASSETCATALOG_COMPILER_INCLUDE_ALL_APPICON_ASSETS = NO;
				CLANG_ENABLE_MODULES = YES;
				CODE_SIGN_IDENTITY = "Apple Development";
				CODE_SIGN_STYLE = Automatic;
				CURRENT_PROJECT_VERSION = 1;
				DEVELOPMENT_TEAM = 4D7YJ8BY8H;
				INFOPLIST_KEY_CFBundleDisplayName = ScheduleApp;
				LD_RUNPATH_SEARCH_PATHS = (
					"$(inherited)",
					"@executable_path/Frameworks",
				);
				MARKETING_VERSION = 1.0;
				PRODUCT_BUNDLE_IDENTIFIER = com.IgorKlyuzhev.ScheduleApp;
				PROVISIONING_PROFILE_SPECIFIER = "";
				SUPPORTED_PLATFORMS = "iphoneos iphonesimulator";
				SUPPORTS_MACCATALYST = NO;
				SUPPORTS_MAC_DESIGNED_FOR_IPHONE_IPAD = NO;
				SWIFT_VERSION = 5.0;
				TARGETED_DEVICE_FAMILY = 1;
			};
			name = Release;
		};
		E0C82F4821478B2D009EA559 /* Release */ = {
			isa = XCBuildConfiguration;
			baseConfigurationReference = E0FD1202214781CA008C2EF8 /* ReleaseTest.xcconfig */;
			buildSettings = {
			};
			name = Release;
		};
		E0FD11CB21477965008C2EF8 /* Debug */ = {
			isa = XCBuildConfiguration;
			baseConfigurationReference = E0FD1208214781CA008C2EF8 /* Application.xcconfig */;
			buildSettings = {
				CLANG_WARN_QUOTED_INCLUDE_IN_FRAMEWORK_HEADER = YES;
				ENABLE_TESTABILITY = YES;
				IPHONEOS_DEPLOYMENT_TARGET = 14.0;
				MTL_ENABLE_DEBUG_INFO = INCLUDE_SOURCE;
				MTL_FAST_MATH = YES;
				ONLY_ACTIVE_ARCH = YES;
				SWIFT_ACTIVE_COMPILATION_CONDITIONS = DEBUG;
				SWIFT_OPTIMIZATION_LEVEL = "-Onone";
			};
			name = Debug;
		};
		E0FD11CC21477965008C2EF8 /* Staging */ = {
			isa = XCBuildConfiguration;
			baseConfigurationReference = E0FD1208214781CA008C2EF8 /* Application.xcconfig */;
			buildSettings = {
				CLANG_WARN_QUOTED_INCLUDE_IN_FRAMEWORK_HEADER = YES;
				IPHONEOS_DEPLOYMENT_TARGET = 14.0;
				MTL_ENABLE_DEBUG_INFO = NO;
				MTL_FAST_MATH = YES;
				SWIFT_COMPILATION_MODE = wholemodule;
				SWIFT_OPTIMIZATION_LEVEL = "-O";
			};
			name = Staging;
		};
		E0FD11CE21477965008C2EF8 /* Debug */ = {
			isa = XCBuildConfiguration;
			baseConfigurationReference = E0FD1205214781CA008C2EF8 /* Debug.xcconfig */;
			buildSettings = {
				ASSETCATALOG_COMPILER_INCLUDE_ALL_APPICON_ASSETS = NO;
				CLANG_ENABLE_MODULES = YES;
				CURRENT_PROJECT_VERSION = 1;
				DEVELOPMENT_TEAM = 4D7YJ8BY8H;
				INFOPLIST_KEY_CFBundleDisplayName = ScheduleApp;
				LD_RUNPATH_SEARCH_PATHS = (
					"$(inherited)",
					"@executable_path/Frameworks",
				);
				MARKETING_VERSION = 1.0;
				PRODUCT_BUNDLE_IDENTIFIER = com.IgorKlyuzhev.ScheduleApp;
				SUPPORTED_PLATFORMS = "iphoneos iphonesimulator";
				SUPPORTS_MACCATALYST = NO;
				SUPPORTS_MAC_DESIGNED_FOR_IPHONE_IPAD = NO;
				SWIFT_OPTIMIZATION_LEVEL = "-Onone";
				SWIFT_VERSION = 5.0;
				TARGETED_DEVICE_FAMILY = 1;
			};
			name = Debug;
		};
		E0FD11CF21477965008C2EF8 /* Staging */ = {
			isa = XCBuildConfiguration;
			baseConfigurationReference = E0FD1203214781CA008C2EF8 /* Staging.xcconfig */;
			buildSettings = {
				ASSETCATALOG_COMPILER_INCLUDE_ALL_APPICON_ASSETS = NO;
				CLANG_ENABLE_MODULES = YES;
				CODE_SIGN_IDENTITY = "Apple Development";
				CODE_SIGN_STYLE = Automatic;
				CURRENT_PROJECT_VERSION = 1;
				DEVELOPMENT_TEAM = 4D7YJ8BY8H;
				INFOPLIST_KEY_CFBundleDisplayName = ScheduleApp;
				LD_RUNPATH_SEARCH_PATHS = (
					"$(inherited)",
					"@executable_path/Frameworks",
				);
				MARKETING_VERSION = 1.0;
				PRODUCT_BUNDLE_IDENTIFIER = com.IgorKlyuzhev.ScheduleApp;
				PROVISIONING_PROFILE_SPECIFIER = "";
				SUPPORTED_PLATFORMS = "iphoneos iphonesimulator";
				SUPPORTS_MACCATALYST = NO;
				SUPPORTS_MAC_DESIGNED_FOR_IPHONE_IPAD = NO;
				SWIFT_VERSION = 5.0;
				TARGETED_DEVICE_FAMILY = 1;
			};
			name = Staging;
		};
		E0FD11D121477965008C2EF8 /* Debug */ = {
			isa = XCBuildConfiguration;
			baseConfigurationReference = E0FD120A214781CA008C2EF8 /* DebugTest.xcconfig */;
			buildSettings = {
			};
			name = Debug;
		};
		E0FD11D221477965008C2EF8 /* Staging */ = {
			isa = XCBuildConfiguration;
			baseConfigurationReference = E0FD1209214781CA008C2EF8 /* StagingTest.xcconfig */;
			buildSettings = {
			};
			name = Staging;
		};
/* End XCBuildConfiguration section */

/* Begin XCConfigurationList section */
		E0FD11AB21477963008C2EF8 /* Build configuration list for PBXProject "ScheduleApp" */ = {
			isa = XCConfigurationList;
			buildConfigurations = (
				E0FD11CB21477965008C2EF8 /* Debug */,
				E0FD11CC21477965008C2EF8 /* Staging */,
				E0C82F4621478B2D009EA559 /* Release */,
			);
			defaultConfigurationIsVisible = 0;
			defaultConfigurationName = Staging;
		};
		E0FD11CD21477965008C2EF8 /* Build configuration list for PBXNativeTarget "ScheduleApp" */ = {
			isa = XCConfigurationList;
			buildConfigurations = (
				E0FD11CE21477965008C2EF8 /* Debug */,
				E0FD11CF21477965008C2EF8 /* Staging */,
				E0C82F4721478B2D009EA559 /* Release */,
			);
			defaultConfigurationIsVisible = 0;
			defaultConfigurationName = Staging;
		};
		E0FD11D021477965008C2EF8 /* Build configuration list for PBXNativeTarget "ScheduleAppTests" */ = {
			isa = XCConfigurationList;
			buildConfigurations = (
				E0FD11D121477965008C2EF8 /* Debug */,
				E0FD11D221477965008C2EF8 /* Staging */,
				E0C82F4821478B2D009EA559 /* Release */,
			);
			defaultConfigurationIsVisible = 0;
			defaultConfigurationName = Staging;
		};
/* End XCConfigurationList section */

/* Begin XCRemoteSwiftPackageReference section */
		A53A54A528D8F1D0004E0D66 /* XCRemoteSwiftPackageReference "Kingfisher" */ = {
			isa = XCRemoteSwiftPackageReference;
			repositoryURL = "https://github.com/onevcat/Kingfisher";
			requirement = {
				kind = upToNextMajorVersion;
				minimumVersion = 7.0.0;
			};
		};
		A53A54A828D8F1E0004E0D66 /* XCRemoteSwiftPackageReference "Alamofire" */ = {
			isa = XCRemoteSwiftPackageReference;
			repositoryURL = "https://github.com/Alamofire/Alamofire";
			requirement = {
				kind = upToNextMajorVersion;
				minimumVersion = 5.0.0;
			};
		};
		A53A54AB28D8F212004E0D66 /* XCRemoteSwiftPackageReference "PermissionsKit" */ = {
			isa = XCRemoteSwiftPackageReference;
			repositoryURL = "https://github.com/sparrowcode/PermissionsKit";
			requirement = {
				kind = upToNextMajorVersion;
				minimumVersion = 9.0.0;
			};
		};
		A53A54BE28D8F237004E0D66 /* XCRemoteSwiftPackageReference "SPIndicator" */ = {
			isa = XCRemoteSwiftPackageReference;
			repositoryURL = "https://github.com/ivanvorobei/SPIndicator";
			requirement = {
				kind = upToNextMajorVersion;
				minimumVersion = 1.0.0;
			};
		};
		A53A54C128D8F247004E0D66 /* XCRemoteSwiftPackageReference "Reusable" */ = {
			isa = XCRemoteSwiftPackageReference;
			repositoryURL = "https://github.com/AliSoftware/Reusable.git";
			requirement = {
				kind = upToNextMajorVersion;
				minimumVersion = 4.0.0;
			};
		};
		A53A54C428D8F253004E0D66 /* XCRemoteSwiftPackageReference "SafeSFSymbols" */ = {
			isa = XCRemoteSwiftPackageReference;
			repositoryURL = "https://github.com/sparrowcode/SafeSFSymbols";
			requirement = {
				kind = upToNextMajorVersion;
				minimumVersion = 1.0.0;
			};
		};
		A53A54C728D8F262004E0D66 /* XCRemoteSwiftPackageReference "SnapKit" */ = {
			isa = XCRemoteSwiftPackageReference;
			repositoryURL = "https://github.com/SnapKit/SnapKit";
			requirement = {
				kind = upToNextMajorVersion;
				minimumVersion = 5.0.0;
			};
		};
		A53A54CA28D8F270004E0D66 /* XCRemoteSwiftPackageReference "SPConfetti" */ = {
			isa = XCRemoteSwiftPackageReference;
			repositoryURL = "https://github.com/ivanvorobei/SPConfetti";
			requirement = {
				kind = upToNextMajorVersion;
				minimumVersion = 1.0.0;
			};
		};
		A54F7D0728DE29F700245559 /* XCRemoteSwiftPackageReference "JTAppleCalendar" */ = {
			isa = XCRemoteSwiftPackageReference;
			repositoryURL = "https://github.com/patchthecode/JTAppleCalendar";
			requirement = {
				kind = upToNextMajorVersion;
				minimumVersion = 8.0.0;
			};
		};
		A54F7D4E28E3498500245559 /* XCRemoteSwiftPackageReference "fluid-slider" */ = {
			isa = XCRemoteSwiftPackageReference;
			repositoryURL = "https://github.com/Ramotion/fluid-slider";
			requirement = {
				kind = upToNextMajorVersion;
				minimumVersion = 1.0.0;
			};
		};
		A54F7D5128E34B9700245559 /* XCRemoteSwiftPackageReference "STTextView" */ = {
			isa = XCRemoteSwiftPackageReference;
			repositoryURL = "https://github.com/onl1ner/STTextView";
			requirement = {
				kind = upToNextMajorVersion;
				minimumVersion = 1.0.0;
			};
		};
		A568DF2128D3D0FD00341814 /* XCRemoteSwiftPackageReference "async-plus" */ = {
			isa = XCRemoteSwiftPackageReference;
			repositoryURL = "https://github.com/async-plus/async-plus.git";
			requirement = {
				kind = upToNextMajorVersion;
				minimumVersion = 1.0.0;
			};
		};
		A5B5B99228D915EB001D3C93 /* XCRemoteSwiftPackageReference "SkeletonView" */ = {
			isa = XCRemoteSwiftPackageReference;
			repositoryURL = "https://github.com/Juanpe/SkeletonView.git";
			requirement = {
				kind = upToNextMajorVersion;
				minimumVersion = 1.0.0;
			};
		};
		A5B5B99B28D923A0001D3C93 /* XCRemoteSwiftPackageReference "lottie-ios" */ = {
			isa = XCRemoteSwiftPackageReference;
			repositoryURL = "https://github.com/airbnb/lottie-ios";
			requirement = {
				kind = upToNextMajorVersion;
				minimumVersion = 3.0.0;
			};
		};
		A5B5B9A328D92F54001D3C93 /* XCRemoteSwiftPackageReference "GradientLoadingBar" */ = {
			isa = XCRemoteSwiftPackageReference;
			repositoryURL = "https://github.com/fxm90/GradientLoadingBar";
			requirement = {
				kind = upToNextMajorVersion;
				minimumVersion = 2.0.0;
			};
		};
/* End XCRemoteSwiftPackageReference section */

/* Begin XCSwiftPackageProductDependency section */
		A53A54A628D8F1D0004E0D66 /* Kingfisher */ = {
			isa = XCSwiftPackageProductDependency;
			package = A53A54A528D8F1D0004E0D66 /* XCRemoteSwiftPackageReference "Kingfisher" */;
			productName = Kingfisher;
		};
		A53A54A928D8F1E0004E0D66 /* Alamofire */ = {
			isa = XCSwiftPackageProductDependency;
			package = A53A54A828D8F1E0004E0D66 /* XCRemoteSwiftPackageReference "Alamofire" */;
			productName = Alamofire;
		};
		A53A54AC28D8F212004E0D66 /* CalendarPermission */ = {
			isa = XCSwiftPackageProductDependency;
			package = A53A54AB28D8F212004E0D66 /* XCRemoteSwiftPackageReference "PermissionsKit" */;
			productName = CalendarPermission;
		};
		A53A54AE28D8F212004E0D66 /* CameraPermission */ = {
			isa = XCSwiftPackageProductDependency;
			package = A53A54AB28D8F212004E0D66 /* XCRemoteSwiftPackageReference "PermissionsKit" */;
			productName = CameraPermission;
		};
		A53A54B028D8F212004E0D66 /* ContactsPermission */ = {
			isa = XCSwiftPackageProductDependency;
			package = A53A54AB28D8F212004E0D66 /* XCRemoteSwiftPackageReference "PermissionsKit" */;
			productName = ContactsPermission;
		};
		A53A54B228D8F212004E0D66 /* FaceIDPermission */ = {
			isa = XCSwiftPackageProductDependency;
			package = A53A54AB28D8F212004E0D66 /* XCRemoteSwiftPackageReference "PermissionsKit" */;
			productName = FaceIDPermission;
		};
		A53A54B428D8F212004E0D66 /* MediaLibraryPermission */ = {
			isa = XCSwiftPackageProductDependency;
			package = A53A54AB28D8F212004E0D66 /* XCRemoteSwiftPackageReference "PermissionsKit" */;
			productName = MediaLibraryPermission;
		};
		A53A54B628D8F212004E0D66 /* MicrophonePermission */ = {
			isa = XCSwiftPackageProductDependency;
			package = A53A54AB28D8F212004E0D66 /* XCRemoteSwiftPackageReference "PermissionsKit" */;
			productName = MicrophonePermission;
		};
		A53A54B828D8F212004E0D66 /* NotificationPermission */ = {
			isa = XCSwiftPackageProductDependency;
			package = A53A54AB28D8F212004E0D66 /* XCRemoteSwiftPackageReference "PermissionsKit" */;
			productName = NotificationPermission;
		};
		A53A54BA28D8F212004E0D66 /* PhotoLibraryPermission */ = {
			isa = XCSwiftPackageProductDependency;
			package = A53A54AB28D8F212004E0D66 /* XCRemoteSwiftPackageReference "PermissionsKit" */;
			productName = PhotoLibraryPermission;
		};
		A53A54BC28D8F212004E0D66 /* RemindersPermission */ = {
			isa = XCSwiftPackageProductDependency;
			package = A53A54AB28D8F212004E0D66 /* XCRemoteSwiftPackageReference "PermissionsKit" */;
			productName = RemindersPermission;
		};
		A53A54BF28D8F237004E0D66 /* SPIndicator */ = {
			isa = XCSwiftPackageProductDependency;
			package = A53A54BE28D8F237004E0D66 /* XCRemoteSwiftPackageReference "SPIndicator" */;
			productName = SPIndicator;
		};
		A53A54C228D8F247004E0D66 /* Reusable */ = {
			isa = XCSwiftPackageProductDependency;
			package = A53A54C128D8F247004E0D66 /* XCRemoteSwiftPackageReference "Reusable" */;
			productName = Reusable;
		};
		A53A54C528D8F253004E0D66 /* SafeSFSymbols */ = {
			isa = XCSwiftPackageProductDependency;
			package = A53A54C428D8F253004E0D66 /* XCRemoteSwiftPackageReference "SafeSFSymbols" */;
			productName = SafeSFSymbols;
		};
		A53A54C828D8F262004E0D66 /* SnapKit */ = {
			isa = XCSwiftPackageProductDependency;
			package = A53A54C728D8F262004E0D66 /* XCRemoteSwiftPackageReference "SnapKit" */;
			productName = SnapKit;
		};
		A53A54CB28D8F270004E0D66 /* SPConfetti */ = {
			isa = XCSwiftPackageProductDependency;
			package = A53A54CA28D8F270004E0D66 /* XCRemoteSwiftPackageReference "SPConfetti" */;
			productName = SPConfetti;
		};
		A54F7D0828DE29F700245559 /* JTAppleCalendar */ = {
			isa = XCSwiftPackageProductDependency;
			package = A54F7D0728DE29F700245559 /* XCRemoteSwiftPackageReference "JTAppleCalendar" */;
			productName = JTAppleCalendar;
		};
		A54F7D4F28E3498500245559 /* FluidSlider */ = {
			isa = XCSwiftPackageProductDependency;
			package = A54F7D4E28E3498500245559 /* XCRemoteSwiftPackageReference "fluid-slider" */;
			productName = FluidSlider;
		};
		A54F7D5228E34B9800245559 /* STTextView */ = {
			isa = XCSwiftPackageProductDependency;
			package = A54F7D5128E34B9700245559 /* XCRemoteSwiftPackageReference "STTextView" */;
			productName = STTextView;
		};
		A568DF2228D3D0FD00341814 /* AsyncPlus */ = {
			isa = XCSwiftPackageProductDependency;
			package = A568DF2128D3D0FD00341814 /* XCRemoteSwiftPackageReference "async-plus" */;
			productName = AsyncPlus;
		};
		A5B5B99328D915EB001D3C93 /* SkeletonView */ = {
			isa = XCSwiftPackageProductDependency;
			package = A5B5B99228D915EB001D3C93 /* XCRemoteSwiftPackageReference "SkeletonView" */;
			productName = SkeletonView;
		};
		A5B5B99C28D923A0001D3C93 /* Lottie */ = {
			isa = XCSwiftPackageProductDependency;
			package = A5B5B99B28D923A0001D3C93 /* XCRemoteSwiftPackageReference "lottie-ios" */;
			productName = Lottie;
		};
		A5B5B9A428D92F54001D3C93 /* GradientLoadingBar */ = {
			isa = XCSwiftPackageProductDependency;
			package = A5B5B9A328D92F54001D3C93 /* XCRemoteSwiftPackageReference "GradientLoadingBar" */;
			productName = GradientLoadingBar;
		};
/* End XCSwiftPackageProductDependency section */
	};
	rootObject = E0FD11A821477963008C2EF8 /* Project object */;
}
