// !$*UTF8*$!
{
	archiveVersion = 1;
	classes = {
	};
	objectVersion = 54;
	objects = {

/* Begin PBXBuildFile section */
		A513BB812909964000317E6B /* Atlantis in Frameworks */ = {isa = PBXBuildFile; productRef = A513BB802909964000317E6B /* Atlantis */; };
		A53A54A728D8F1D0004E0D66 /* Kingfisher in Frameworks */ = {isa = PBXBuildFile; productRef = A53A54A628D8F1D0004E0D66 /* Kingfisher */; };
		A53A54C028D8F237004E0D66 /* SPIndicator in Frameworks */ = {isa = PBXBuildFile; productRef = A53A54BF28D8F237004E0D66 /* SPIndicator */; };
		A53A54C328D8F247004E0D66 /* Reusable in Frameworks */ = {isa = PBXBuildFile; productRef = A53A54C228D8F247004E0D66 /* Reusable */; };
		A53A54C628D8F253004E0D66 /* SafeSFSymbols in Frameworks */ = {isa = PBXBuildFile; productRef = A53A54C528D8F253004E0D66 /* SafeSFSymbols */; };
		A53A54C928D8F262004E0D66 /* SnapKit in Frameworks */ = {isa = PBXBuildFile; productRef = A53A54C828D8F262004E0D66 /* SnapKit */; };
		A53A54CC28D8F270004E0D66 /* SPConfetti in Frameworks */ = {isa = PBXBuildFile; productRef = A53A54CB28D8F270004E0D66 /* SPConfetti */; };
		A54F7D0928DE29F700245559 /* JTAppleCalendar in Frameworks */ = {isa = PBXBuildFile; productRef = A54F7D0828DE29F700245559 /* JTAppleCalendar */; };
		A54F7D0B28E0D30B00245559 /* DateCell.swift in Sources */ = {isa = PBXBuildFile; fileRef = A54F7D0A28E0D30B00245559 /* DateCell.swift */; };
		A54F7D1128E104DA00245559 /* ScheduleScreenTests.swift in Sources */ = {isa = PBXBuildFile; fileRef = A54F7D1028E104DA00245559 /* ScheduleScreenTests.swift */; };
		A54F7D1428E1063600245559 /* MockedLessonsService.swift in Sources */ = {isa = PBXBuildFile; fileRef = A54F7D1328E1063600245559 /* MockedLessonsService.swift */; };
		A54F7D1D28E211B300245559 /* SplashScreenViewController.swift in Sources */ = {isa = PBXBuildFile; fileRef = A54F7D1928E211B300245559 /* SplashScreenViewController.swift */; };
		A54F7D2028E2125300245559 /* icon.json in Resources */ = {isa = PBXBuildFile; fileRef = A54F7D1F28E2125300245559 /* icon.json */; };
		A54F7D2728E259E400245559 /* CoursesScreenInterfaces.swift in Sources */ = {isa = PBXBuildFile; fileRef = A54F7D2228E259E400245559 /* CoursesScreenInterfaces.swift */; };
		A54F7D2828E259E400245559 /* CoursesScreenPresenter.swift in Sources */ = {isa = PBXBuildFile; fileRef = A54F7D2328E259E400245559 /* CoursesScreenPresenter.swift */; };
		A54F7D2928E259E400245559 /* CoursesScreenViewController.swift in Sources */ = {isa = PBXBuildFile; fileRef = A54F7D2428E259E400245559 /* CoursesScreenViewController.swift */; };
		A54F7D2A28E259E400245559 /* CoursesScreenInteractor.swift in Sources */ = {isa = PBXBuildFile; fileRef = A54F7D2528E259E400245559 /* CoursesScreenInteractor.swift */; };
		A54F7D2B28E259E400245559 /* CoursesScreenWireframe.swift in Sources */ = {isa = PBXBuildFile; fileRef = A54F7D2628E259E400245559 /* CoursesScreenWireframe.swift */; };
		A54F7D2E28E25A9F00245559 /* CourseModel.swift in Sources */ = {isa = PBXBuildFile; fileRef = A54F7D2D28E25A9F00245559 /* CourseModel.swift */; };
		A54F7D3128E25B6600245559 /* CoursesService.swift in Sources */ = {isa = PBXBuildFile; fileRef = A54F7D3028E25B6600245559 /* CoursesService.swift */; };
		A54F7D3428E25D0B00245559 /* CourseTableViewCell.swift in Sources */ = {isa = PBXBuildFile; fileRef = A54F7D3328E25D0B00245559 /* CourseTableViewCell.swift */; };
		A54F7D3728E3401400245559 /* Fonts.swift in Sources */ = {isa = PBXBuildFile; fileRef = A54F7D3628E3401400245559 /* Fonts.swift */; };
		A54F7D3928E3401A00245559 /* Colors.swift in Sources */ = {isa = PBXBuildFile; fileRef = A54F7D3828E3401A00245559 /* Colors.swift */; };
		A54F7D3B28E3401F00245559 /* Labels.swift in Sources */ = {isa = PBXBuildFile; fileRef = A54F7D3A28E3401F00245559 /* Labels.swift */; };
		A54F7D3D28E3402600245559 /* Buttons.swift in Sources */ = {isa = PBXBuildFile; fileRef = A54F7D3C28E3402600245559 /* Buttons.swift */; };
		A54F7D4228E3443B00245559 /* UIViewControllerExtensions.swift in Sources */ = {isa = PBXBuildFile; fileRef = A54F7D4128E3443B00245559 /* UIViewControllerExtensions.swift */; };
		A54F7D4928E3463A00245559 /* CoursesCreatorScreenInterfaces.swift in Sources */ = {isa = PBXBuildFile; fileRef = A54F7D4428E3463900245559 /* CoursesCreatorScreenInterfaces.swift */; };
		A54F7D4A28E3463A00245559 /* CoursesCreatorScreenPresenter.swift in Sources */ = {isa = PBXBuildFile; fileRef = A54F7D4528E3463900245559 /* CoursesCreatorScreenPresenter.swift */; };
		A54F7D4B28E3463A00245559 /* CoursesCreatorScreenViewController.swift in Sources */ = {isa = PBXBuildFile; fileRef = A54F7D4628E3463900245559 /* CoursesCreatorScreenViewController.swift */; };
		A54F7D4C28E3463A00245559 /* CoursesCreatorScreenInteractor.swift in Sources */ = {isa = PBXBuildFile; fileRef = A54F7D4728E3463900245559 /* CoursesCreatorScreenInteractor.swift */; };
		A54F7D4D28E3463A00245559 /* CoursesCreatorScreenWireframe.swift in Sources */ = {isa = PBXBuildFile; fileRef = A54F7D4828E3463900245559 /* CoursesCreatorScreenWireframe.swift */; };
		A54F7D5328E34B9800245559 /* STTextView in Frameworks */ = {isa = PBXBuildFile; productRef = A54F7D5228E34B9800245559 /* STTextView */; };
		A550E52928F056B100F846FC /* Encodable + toDictionary.swift in Sources */ = {isa = PBXBuildFile; fileRef = A550E52828F056B100F846FC /* Encodable + toDictionary.swift */; };
		A550E52C28F0806800F846FC /* TabBar.swift in Sources */ = {isa = PBXBuildFile; fileRef = A550E52B28F0806800F846FC /* TabBar.swift */; };
		A550E52E28F084AF00F846FC /* LottieAnimationViews.swift in Sources */ = {isa = PBXBuildFile; fileRef = A550E52D28F084AF00F846FC /* LottieAnimationViews.swift */; };
		A550E53728F08D6400F846FC /* Assets.swift in Sources */ = {isa = PBXBuildFile; fileRef = A550E53628F08D6400F846FC /* Assets.swift */; };
		A550E53928F09B7C00F846FC /* UIImage+Resize.swift in Sources */ = {isa = PBXBuildFile; fileRef = A550E53828F09B7C00F846FC /* UIImage+Resize.swift */; };
		A550E53B28F42A3C00F846FC /* String+nilIfEmpty.swift in Sources */ = {isa = PBXBuildFile; fileRef = A550E53A28F42A3C00F846FC /* String+nilIfEmpty.swift */; };
		A56716D729070D0100CEE8EE /* AuthScreenInterfaces.swift in Sources */ = {isa = PBXBuildFile; fileRef = A56716D229070D0100CEE8EE /* AuthScreenInterfaces.swift */; };
		A56716D829070D0100CEE8EE /* AuthScreenPresenter.swift in Sources */ = {isa = PBXBuildFile; fileRef = A56716D329070D0100CEE8EE /* AuthScreenPresenter.swift */; };
		A56716D929070D0100CEE8EE /* AuthScreenViewController.swift in Sources */ = {isa = PBXBuildFile; fileRef = A56716D429070D0100CEE8EE /* AuthScreenViewController.swift */; };
		A56716DA29070D0100CEE8EE /* AuthScreenInteractor.swift in Sources */ = {isa = PBXBuildFile; fileRef = A56716D529070D0100CEE8EE /* AuthScreenInteractor.swift */; };
		A56716DB29070D0100CEE8EE /* AuthScreenWireframe.swift in Sources */ = {isa = PBXBuildFile; fileRef = A56716D629070D0100CEE8EE /* AuthScreenWireframe.swift */; };
		A56716DF29070D3A00CEE8EE /* AuthService.swift in Sources */ = {isa = PBXBuildFile; fileRef = A56716DE29070D3A00CEE8EE /* AuthService.swift */; };
		A56716E5290710C400CEE8EE /* KeychainAccess in Frameworks */ = {isa = PBXBuildFile; productRef = A56716E4290710C400CEE8EE /* KeychainAccess */; };
		A56716E82907D80F00CEE8EE /* Moya in Frameworks */ = {isa = PBXBuildFile; productRef = A56716E72907D80F00CEE8EE /* Moya */; };
		A56716EF2907D91200CEE8EE /* UserTarget.swift in Sources */ = {isa = PBXBuildFile; fileRef = A56716EE2907D91200CEE8EE /* UserTarget.swift */; };
		A56716F12907D9BF00CEE8EE /* TargetType+Extension.swift in Sources */ = {isa = PBXBuildFile; fileRef = A56716F02907D9BF00CEE8EE /* TargetType+Extension.swift */; };
		A56716F52907DE6700CEE8EE /* LessonTarget.swift in Sources */ = {isa = PBXBuildFile; fileRef = A56716F42907DE6700CEE8EE /* LessonTarget.swift */; };
		A56716F72907E1AC00CEE8EE /* CourseTarget.swift in Sources */ = {isa = PBXBuildFile; fileRef = A56716F62907E1AC00CEE8EE /* CourseTarget.swift */; };
		A56716F92907E4B500CEE8EE /* NetworkService.swift in Sources */ = {isa = PBXBuildFile; fileRef = A56716F82907E4B500CEE8EE /* NetworkService.swift */; };
		A56717092907F5CA00CEE8EE /* UserModel.swift in Sources */ = {isa = PBXBuildFile; fileRef = A56717082907F5CA00CEE8EE /* UserModel.swift */; };
		A567170F2907F5E700CEE8EE /* CourseDescriptionScreenInterfaces.swift in Sources */ = {isa = PBXBuildFile; fileRef = A567170A2907F5E700CEE8EE /* CourseDescriptionScreenInterfaces.swift */; };
		A56717102907F5E700CEE8EE /* CourseDescriptionScreenPresenter.swift in Sources */ = {isa = PBXBuildFile; fileRef = A567170B2907F5E700CEE8EE /* CourseDescriptionScreenPresenter.swift */; };
		A56717112907F5E700CEE8EE /* CourseDescriptionScreenViewController.swift in Sources */ = {isa = PBXBuildFile; fileRef = A567170C2907F5E700CEE8EE /* CourseDescriptionScreenViewController.swift */; };
		A56717122907F5E700CEE8EE /* CourseDescriptionScreenInteractor.swift in Sources */ = {isa = PBXBuildFile; fileRef = A567170D2907F5E700CEE8EE /* CourseDescriptionScreenInteractor.swift */; };
		A56717132907F5E700CEE8EE /* CourseDescriptionScreenWireframe.swift in Sources */ = {isa = PBXBuildFile; fileRef = A567170E2907F5E700CEE8EE /* CourseDescriptionScreenWireframe.swift */; };
		A568DF0528D3C85C00341814 /* ScheduleScreenInterfaces.swift in Sources */ = {isa = PBXBuildFile; fileRef = A568DEFF28D3C85C00341814 /* ScheduleScreenInterfaces.swift */; };
		A568DF0628D3C85C00341814 /* ScheduleScreenPresenter.swift in Sources */ = {isa = PBXBuildFile; fileRef = A568DF0028D3C85C00341814 /* ScheduleScreenPresenter.swift */; };
		A568DF0728D3C85C00341814 /* ScheduleScreenViewController.swift in Sources */ = {isa = PBXBuildFile; fileRef = A568DF0128D3C85C00341814 /* ScheduleScreenViewController.swift */; };
		A568DF0928D3C85C00341814 /* ScheduleScreenInteractor.swift in Sources */ = {isa = PBXBuildFile; fileRef = A568DF0328D3C85C00341814 /* ScheduleScreenInteractor.swift */; };
		A568DF0A28D3C85C00341814 /* ScheduleScreenWireframe.swift in Sources */ = {isa = PBXBuildFile; fileRef = A568DF0428D3C85C00341814 /* ScheduleScreenWireframe.swift */; };
		A568DF0E28D3C89B00341814 /* LessonModel.swift in Sources */ = {isa = PBXBuildFile; fileRef = A568DF0D28D3C89B00341814 /* LessonModel.swift */; };
		A568DF1028D3C8AC00341814 /* LessonTableViewCell.swift in Sources */ = {isa = PBXBuildFile; fileRef = A568DF0F28D3C8AC00341814 /* LessonTableViewCell.swift */; };
		A568DF1A28D3C9C600341814 /* BaseWireframe.swift in Sources */ = {isa = PBXBuildFile; fileRef = A568DF1528D3C9C600341814 /* BaseWireframe.swift */; };
		A568DF1B28D3C9C600341814 /* FormatterInterface.swift in Sources */ = {isa = PBXBuildFile; fileRef = A568DF1628D3C9C600341814 /* FormatterInterface.swift */; };
		A568DF1C28D3C9C600341814 /* PresenterInterface.swift in Sources */ = {isa = PBXBuildFile; fileRef = A568DF1728D3C9C600341814 /* PresenterInterface.swift */; };
		A568DF1D28D3C9C600341814 /* ViewInterface.swift in Sources */ = {isa = PBXBuildFile; fileRef = A568DF1828D3C9C600341814 /* ViewInterface.swift */; };
		A568DF1E28D3C9C600341814 /* InteractorInterface.swift in Sources */ = {isa = PBXBuildFile; fileRef = A568DF1928D3C9C600341814 /* InteractorInterface.swift */; };
		A568DF2028D3CDDA00341814 /* Constants.swift in Sources */ = {isa = PBXBuildFile; fileRef = A568DF1F28D3CDDA00341814 /* Constants.swift */; };
		A568DF2328D3D0FD00341814 /* AsyncPlus in Frameworks */ = {isa = PBXBuildFile; productRef = A568DF2228D3D0FD00341814 /* AsyncPlus */; };
		A57F5590290BDE5D006509CB /* LessonCreatorScreenInterfaces.swift in Sources */ = {isa = PBXBuildFile; fileRef = A57F558B290BDE5D006509CB /* LessonCreatorScreenInterfaces.swift */; };
		A57F5591290BDE5D006509CB /* LessonCreatorScreenPresenter.swift in Sources */ = {isa = PBXBuildFile; fileRef = A57F558C290BDE5D006509CB /* LessonCreatorScreenPresenter.swift */; };
		A57F5592290BDE5D006509CB /* LessonCreatorScreenViewController.swift in Sources */ = {isa = PBXBuildFile; fileRef = A57F558D290BDE5D006509CB /* LessonCreatorScreenViewController.swift */; };
		A57F5593290BDE5D006509CB /* LessonCreatorScreenInteractor.swift in Sources */ = {isa = PBXBuildFile; fileRef = A57F558E290BDE5D006509CB /* LessonCreatorScreenInteractor.swift */; };
		A57F5594290BDE5D006509CB /* LessonCreatorScreenWireframe.swift in Sources */ = {isa = PBXBuildFile; fileRef = A57F558F290BDE5D006509CB /* LessonCreatorScreenWireframe.swift */; };
		A57F5596290BFC43006509CB /* NotificationsManager.swift in Sources */ = {isa = PBXBuildFile; fileRef = A57F5595290BFC43006509CB /* NotificationsManager.swift */; };
		A57F559B290C0257006509CB /* NotificationPermission in Frameworks */ = {isa = PBXBuildFile; productRef = A57F559A290C0257006509CB /* NotificationPermission */; };
		A5A78D8328EB8B1600646816 /* CocoaTextField in Frameworks */ = {isa = PBXBuildFile; productRef = A5A78D8228EB8B1600646816 /* CocoaTextField */; };
		A5B5B99428D915EB001D3C93 /* SkeletonView in Frameworks */ = {isa = PBXBuildFile; productRef = A5B5B99328D915EB001D3C93 /* SkeletonView */; };
		A5B5B99728D91963001D3C93 /* CapsuleView.swift in Sources */ = {isa = PBXBuildFile; fileRef = A5B5B99628D91963001D3C93 /* CapsuleView.swift */; };
		A5B5B99928D91B35001D3C93 /* LessonsService.swift in Sources */ = {isa = PBXBuildFile; fileRef = A5B5B99828D91B35001D3C93 /* LessonsService.swift */; };
		A5B5B99D28D923A0001D3C93 /* Lottie in Frameworks */ = {isa = PBXBuildFile; productRef = A5B5B99C28D923A0001D3C93 /* Lottie */; };
		A5B5B99F28D926C2001D3C93 /* relaxAnimation.json in Resources */ = {isa = PBXBuildFile; fileRef = A5B5B99E28D926C2001D3C93 /* relaxAnimation.json */; };
		A5B5B9A228D92B6F001D3C93 /* EmptyScheduleView.swift in Sources */ = {isa = PBXBuildFile; fileRef = A5B5B9A128D92B6F001D3C93 /* EmptyScheduleView.swift */; };
		A5B5B9A528D92F54001D3C93 /* GradientLoadingBar in Frameworks */ = {isa = PBXBuildFile; productRef = A5B5B9A428D92F54001D3C93 /* GradientLoadingBar */; };
		A5B5B9A728D93253001D3C93 /* activeIndicator.json in Resources */ = {isa = PBXBuildFile; fileRef = A5B5B9A628D93253001D3C93 /* activeIndicator.json */; };
		A5B5B9A928D93305001D3C93 /* DateExtension.swift in Sources */ = {isa = PBXBuildFile; fileRef = A5B5B9A828D93305001D3C93 /* DateExtension.swift */; };
		A5F0EEE8290FE86F0073E2D2 /* RoleTarget.swift in Sources */ = {isa = PBXBuildFile; fileRef = A5F0EEE7290FE86F0073E2D2 /* RoleTarget.swift */; };
		A5F0EEEB290FEC5C0073E2D2 /* RoleModel.swift in Sources */ = {isa = PBXBuildFile; fileRef = A5F0EEEA290FEC5C0073E2D2 /* RoleModel.swift */; };
		A5F0EEF529100A030073E2D2 /* ProfileScreenInterfaces.swift in Sources */ = {isa = PBXBuildFile; fileRef = A5F0EEF029100A030073E2D2 /* ProfileScreenInterfaces.swift */; };
		A5F0EEF629100A030073E2D2 /* ProfileScreenPresenter.swift in Sources */ = {isa = PBXBuildFile; fileRef = A5F0EEF129100A030073E2D2 /* ProfileScreenPresenter.swift */; };
		A5F0EEF729100A030073E2D2 /* ProfileScreenViewController.swift in Sources */ = {isa = PBXBuildFile; fileRef = A5F0EEF229100A030073E2D2 /* ProfileScreenViewController.swift */; };
		A5F0EEF829100A030073E2D2 /* ProfileScreenInteractor.swift in Sources */ = {isa = PBXBuildFile; fileRef = A5F0EEF329100A030073E2D2 /* ProfileScreenInteractor.swift */; };
		A5F0EEF929100A030073E2D2 /* ProfileScreenWireframe.swift in Sources */ = {isa = PBXBuildFile; fileRef = A5F0EEF429100A030073E2D2 /* ProfileScreenWireframe.swift */; };
		E0FD11FD21477D0A008C2EF8 /* LaunchScreen.storyboard in Resources */ = {isa = PBXBuildFile; fileRef = E0FD11FC21477D0A008C2EF8 /* LaunchScreen.storyboard */; };
		E0FD11FF21477D1C008C2EF8 /* Assets.xcassets in Resources */ = {isa = PBXBuildFile; fileRef = E0FD11FE21477D1C008C2EF8 /* Assets.xcassets */; };
		E0FD121E214783B2008C2EF8 /* main.swift in Sources */ = {isa = PBXBuildFile; fileRef = E0FD121C214783B2008C2EF8 /* main.swift */; };
		E0FD121F214783B2008C2EF8 /* AppDelegate.swift in Sources */ = {isa = PBXBuildFile; fileRef = E0FD121D214783B2008C2EF8 /* AppDelegate.swift */; };
		E0FD1222214783F1008C2EF8 /* ScheduleAppTests.swift in Sources */ = {isa = PBXBuildFile; fileRef = E0FD1221214783F1008C2EF8 /* ScheduleAppTests.swift */; };
/* End PBXBuildFile section */

/* Begin PBXContainerItemProxy section */
		E0FD11C521477965008C2EF8 /* PBXContainerItemProxy */ = {
			isa = PBXContainerItemProxy;
			containerPortal = E0FD11A821477963008C2EF8 /* Project object */;
			proxyType = 1;
			remoteGlobalIDString = E0FD11AF21477963008C2EF8;
			remoteInfo = ScheduleApp;
		};
/* End PBXContainerItemProxy section */

/* Begin PBXCopyFilesBuildPhase section */
		E01BC7262148DA3A004BB3A4 /* Embed Frameworks */ = {
			isa = PBXCopyFilesBuildPhase;
			buildActionMask = 2147483647;
			dstPath = "";
			dstSubfolderSpec = 10;
			files = (
			);
			name = "Embed Frameworks";
			runOnlyForDeploymentPostprocessing = 0;
		};
/* End PBXCopyFilesBuildPhase section */

/* Begin PBXFileReference section */
		A54F7D0A28E0D30B00245559 /* DateCell.swift */ = {isa = PBXFileReference; lastKnownFileType = sourcecode.swift; path = DateCell.swift; sourceTree = "<group>"; };
		A54F7D1028E104DA00245559 /* ScheduleScreenTests.swift */ = {isa = PBXFileReference; lastKnownFileType = sourcecode.swift; path = ScheduleScreenTests.swift; sourceTree = "<group>"; };
		A54F7D1328E1063600245559 /* MockedLessonsService.swift */ = {isa = PBXFileReference; lastKnownFileType = sourcecode.swift; path = MockedLessonsService.swift; sourceTree = "<group>"; };
		A54F7D1928E211B300245559 /* SplashScreenViewController.swift */ = {isa = PBXFileReference; lastKnownFileType = sourcecode.swift; path = SplashScreenViewController.swift; sourceTree = "<group>"; };
		A54F7D1F28E2125300245559 /* icon.json */ = {isa = PBXFileReference; fileEncoding = 4; lastKnownFileType = text.json; path = icon.json; sourceTree = "<group>"; };
		A54F7D2228E259E400245559 /* CoursesScreenInterfaces.swift */ = {isa = PBXFileReference; lastKnownFileType = sourcecode.swift; path = CoursesScreenInterfaces.swift; sourceTree = "<group>"; };
		A54F7D2328E259E400245559 /* CoursesScreenPresenter.swift */ = {isa = PBXFileReference; lastKnownFileType = sourcecode.swift; path = CoursesScreenPresenter.swift; sourceTree = "<group>"; };
		A54F7D2428E259E400245559 /* CoursesScreenViewController.swift */ = {isa = PBXFileReference; lastKnownFileType = sourcecode.swift; path = CoursesScreenViewController.swift; sourceTree = "<group>"; };
		A54F7D2528E259E400245559 /* CoursesScreenInteractor.swift */ = {isa = PBXFileReference; lastKnownFileType = sourcecode.swift; path = CoursesScreenInteractor.swift; sourceTree = "<group>"; };
		A54F7D2628E259E400245559 /* CoursesScreenWireframe.swift */ = {isa = PBXFileReference; lastKnownFileType = sourcecode.swift; path = CoursesScreenWireframe.swift; sourceTree = "<group>"; };
		A54F7D2D28E25A9F00245559 /* CourseModel.swift */ = {isa = PBXFileReference; lastKnownFileType = sourcecode.swift; path = CourseModel.swift; sourceTree = "<group>"; };
		A54F7D3028E25B6600245559 /* CoursesService.swift */ = {isa = PBXFileReference; lastKnownFileType = sourcecode.swift; path = CoursesService.swift; sourceTree = "<group>"; };
		A54F7D3328E25D0B00245559 /* CourseTableViewCell.swift */ = {isa = PBXFileReference; lastKnownFileType = sourcecode.swift; path = CourseTableViewCell.swift; sourceTree = "<group>"; };
		A54F7D3628E3401400245559 /* Fonts.swift */ = {isa = PBXFileReference; lastKnownFileType = sourcecode.swift; path = Fonts.swift; sourceTree = "<group>"; };
		A54F7D3828E3401A00245559 /* Colors.swift */ = {isa = PBXFileReference; lastKnownFileType = sourcecode.swift; path = Colors.swift; sourceTree = "<group>"; };
		A54F7D3A28E3401F00245559 /* Labels.swift */ = {isa = PBXFileReference; lastKnownFileType = sourcecode.swift; path = Labels.swift; sourceTree = "<group>"; };
		A54F7D3C28E3402600245559 /* Buttons.swift */ = {isa = PBXFileReference; lastKnownFileType = sourcecode.swift; path = Buttons.swift; sourceTree = "<group>"; };
		A54F7D4128E3443B00245559 /* UIViewControllerExtensions.swift */ = {isa = PBXFileReference; lastKnownFileType = sourcecode.swift; path = UIViewControllerExtensions.swift; sourceTree = "<group>"; };
		A54F7D4428E3463900245559 /* CoursesCreatorScreenInterfaces.swift */ = {isa = PBXFileReference; lastKnownFileType = sourcecode.swift; path = CoursesCreatorScreenInterfaces.swift; sourceTree = "<group>"; };
		A54F7D4528E3463900245559 /* CoursesCreatorScreenPresenter.swift */ = {isa = PBXFileReference; lastKnownFileType = sourcecode.swift; path = CoursesCreatorScreenPresenter.swift; sourceTree = "<group>"; };
		A54F7D4628E3463900245559 /* CoursesCreatorScreenViewController.swift */ = {isa = PBXFileReference; lastKnownFileType = sourcecode.swift; path = CoursesCreatorScreenViewController.swift; sourceTree = "<group>"; };
		A54F7D4728E3463900245559 /* CoursesCreatorScreenInteractor.swift */ = {isa = PBXFileReference; lastKnownFileType = sourcecode.swift; path = CoursesCreatorScreenInteractor.swift; sourceTree = "<group>"; };
		A54F7D4828E3463900245559 /* CoursesCreatorScreenWireframe.swift */ = {isa = PBXFileReference; lastKnownFileType = sourcecode.swift; path = CoursesCreatorScreenWireframe.swift; sourceTree = "<group>"; };
		A550E52828F056B100F846FC /* Encodable + toDictionary.swift */ = {isa = PBXFileReference; lastKnownFileType = sourcecode.swift; path = "Encodable + toDictionary.swift"; sourceTree = "<group>"; };
		A550E52B28F0806800F846FC /* TabBar.swift */ = {isa = PBXFileReference; lastKnownFileType = sourcecode.swift; path = TabBar.swift; sourceTree = "<group>"; };
		A550E52D28F084AF00F846FC /* LottieAnimationViews.swift */ = {isa = PBXFileReference; lastKnownFileType = sourcecode.swift; path = LottieAnimationViews.swift; sourceTree = "<group>"; };
		A550E53628F08D6400F846FC /* Assets.swift */ = {isa = PBXFileReference; fileEncoding = 4; lastKnownFileType = sourcecode.swift; path = Assets.swift; sourceTree = "<group>"; };
		A550E53828F09B7C00F846FC /* UIImage+Resize.swift */ = {isa = PBXFileReference; lastKnownFileType = sourcecode.swift; path = "UIImage+Resize.swift"; sourceTree = "<group>"; };
		A550E53A28F42A3C00F846FC /* String+nilIfEmpty.swift */ = {isa = PBXFileReference; lastKnownFileType = sourcecode.swift; path = "String+nilIfEmpty.swift"; sourceTree = "<group>"; };
		A56716D229070D0100CEE8EE /* AuthScreenInterfaces.swift */ = {isa = PBXFileReference; lastKnownFileType = sourcecode.swift; path = AuthScreenInterfaces.swift; sourceTree = "<group>"; };
		A56716D329070D0100CEE8EE /* AuthScreenPresenter.swift */ = {isa = PBXFileReference; lastKnownFileType = sourcecode.swift; path = AuthScreenPresenter.swift; sourceTree = "<group>"; };
		A56716D429070D0100CEE8EE /* AuthScreenViewController.swift */ = {isa = PBXFileReference; lastKnownFileType = sourcecode.swift; path = AuthScreenViewController.swift; sourceTree = "<group>"; };
		A56716D529070D0100CEE8EE /* AuthScreenInteractor.swift */ = {isa = PBXFileReference; lastKnownFileType = sourcecode.swift; path = AuthScreenInteractor.swift; sourceTree = "<group>"; };
		A56716D629070D0100CEE8EE /* AuthScreenWireframe.swift */ = {isa = PBXFileReference; lastKnownFileType = sourcecode.swift; path = AuthScreenWireframe.swift; sourceTree = "<group>"; };
		A56716DE29070D3A00CEE8EE /* AuthService.swift */ = {isa = PBXFileReference; lastKnownFileType = sourcecode.swift; path = AuthService.swift; sourceTree = "<group>"; };
		A56716EE2907D91200CEE8EE /* UserTarget.swift */ = {isa = PBXFileReference; lastKnownFileType = sourcecode.swift; path = UserTarget.swift; sourceTree = "<group>"; };
		A56716F02907D9BF00CEE8EE /* TargetType+Extension.swift */ = {isa = PBXFileReference; lastKnownFileType = sourcecode.swift; path = "TargetType+Extension.swift"; sourceTree = "<group>"; };
		A56716F42907DE6700CEE8EE /* LessonTarget.swift */ = {isa = PBXFileReference; lastKnownFileType = sourcecode.swift; path = LessonTarget.swift; sourceTree = "<group>"; };
		A56716F62907E1AC00CEE8EE /* CourseTarget.swift */ = {isa = PBXFileReference; lastKnownFileType = sourcecode.swift; path = CourseTarget.swift; sourceTree = "<group>"; };
		A56716F82907E4B500CEE8EE /* NetworkService.swift */ = {isa = PBXFileReference; lastKnownFileType = sourcecode.swift; path = NetworkService.swift; sourceTree = "<group>"; };
		A56717082907F5CA00CEE8EE /* UserModel.swift */ = {isa = PBXFileReference; fileEncoding = 4; lastKnownFileType = sourcecode.swift; path = UserModel.swift; sourceTree = "<group>"; };
		A567170A2907F5E700CEE8EE /* CourseDescriptionScreenInterfaces.swift */ = {isa = PBXFileReference; lastKnownFileType = sourcecode.swift; path = CourseDescriptionScreenInterfaces.swift; sourceTree = "<group>"; };
		A567170B2907F5E700CEE8EE /* CourseDescriptionScreenPresenter.swift */ = {isa = PBXFileReference; lastKnownFileType = sourcecode.swift; path = CourseDescriptionScreenPresenter.swift; sourceTree = "<group>"; };
		A567170C2907F5E700CEE8EE /* CourseDescriptionScreenViewController.swift */ = {isa = PBXFileReference; lastKnownFileType = sourcecode.swift; path = CourseDescriptionScreenViewController.swift; sourceTree = "<group>"; };
		A567170D2907F5E700CEE8EE /* CourseDescriptionScreenInteractor.swift */ = {isa = PBXFileReference; lastKnownFileType = sourcecode.swift; path = CourseDescriptionScreenInteractor.swift; sourceTree = "<group>"; };
		A567170E2907F5E700CEE8EE /* CourseDescriptionScreenWireframe.swift */ = {isa = PBXFileReference; lastKnownFileType = sourcecode.swift; path = CourseDescriptionScreenWireframe.swift; sourceTree = "<group>"; };
		A568DEFF28D3C85C00341814 /* ScheduleScreenInterfaces.swift */ = {isa = PBXFileReference; lastKnownFileType = sourcecode.swift; path = ScheduleScreenInterfaces.swift; sourceTree = "<group>"; };
		A568DF0028D3C85C00341814 /* ScheduleScreenPresenter.swift */ = {isa = PBXFileReference; lastKnownFileType = sourcecode.swift; path = ScheduleScreenPresenter.swift; sourceTree = "<group>"; };
		A568DF0128D3C85C00341814 /* ScheduleScreenViewController.swift */ = {isa = PBXFileReference; lastKnownFileType = sourcecode.swift; path = ScheduleScreenViewController.swift; sourceTree = "<group>"; };
		A568DF0328D3C85C00341814 /* ScheduleScreenInteractor.swift */ = {isa = PBXFileReference; lastKnownFileType = sourcecode.swift; path = ScheduleScreenInteractor.swift; sourceTree = "<group>"; };
		A568DF0428D3C85C00341814 /* ScheduleScreenWireframe.swift */ = {isa = PBXFileReference; lastKnownFileType = sourcecode.swift; path = ScheduleScreenWireframe.swift; sourceTree = "<group>"; };
		A568DF0D28D3C89B00341814 /* LessonModel.swift */ = {isa = PBXFileReference; lastKnownFileType = sourcecode.swift; path = LessonModel.swift; sourceTree = "<group>"; };
		A568DF0F28D3C8AC00341814 /* LessonTableViewCell.swift */ = {isa = PBXFileReference; lastKnownFileType = sourcecode.swift; path = LessonTableViewCell.swift; sourceTree = "<group>"; };
		A568DF1528D3C9C600341814 /* BaseWireframe.swift */ = {isa = PBXFileReference; lastKnownFileType = sourcecode.swift; path = BaseWireframe.swift; sourceTree = "<group>"; };
		A568DF1628D3C9C600341814 /* FormatterInterface.swift */ = {isa = PBXFileReference; lastKnownFileType = sourcecode.swift; path = FormatterInterface.swift; sourceTree = "<group>"; };
		A568DF1728D3C9C600341814 /* PresenterInterface.swift */ = {isa = PBXFileReference; lastKnownFileType = sourcecode.swift; path = PresenterInterface.swift; sourceTree = "<group>"; };
		A568DF1828D3C9C600341814 /* ViewInterface.swift */ = {isa = PBXFileReference; lastKnownFileType = sourcecode.swift; path = ViewInterface.swift; sourceTree = "<group>"; };
		A568DF1928D3C9C600341814 /* InteractorInterface.swift */ = {isa = PBXFileReference; lastKnownFileType = sourcecode.swift; path = InteractorInterface.swift; sourceTree = "<group>"; };
		A568DF1F28D3CDDA00341814 /* Constants.swift */ = {isa = PBXFileReference; lastKnownFileType = sourcecode.swift; path = Constants.swift; sourceTree = "<group>"; };
		A57F558B290BDE5D006509CB /* LessonCreatorScreenInterfaces.swift */ = {isa = PBXFileReference; lastKnownFileType = sourcecode.swift; path = LessonCreatorScreenInterfaces.swift; sourceTree = "<group>"; };
		A57F558C290BDE5D006509CB /* LessonCreatorScreenPresenter.swift */ = {isa = PBXFileReference; lastKnownFileType = sourcecode.swift; path = LessonCreatorScreenPresenter.swift; sourceTree = "<group>"; };
		A57F558D290BDE5D006509CB /* LessonCreatorScreenViewController.swift */ = {isa = PBXFileReference; lastKnownFileType = sourcecode.swift; path = LessonCreatorScreenViewController.swift; sourceTree = "<group>"; };
		A57F558E290BDE5D006509CB /* LessonCreatorScreenInteractor.swift */ = {isa = PBXFileReference; lastKnownFileType = sourcecode.swift; path = LessonCreatorScreenInteractor.swift; sourceTree = "<group>"; };
		A57F558F290BDE5D006509CB /* LessonCreatorScreenWireframe.swift */ = {isa = PBXFileReference; lastKnownFileType = sourcecode.swift; path = LessonCreatorScreenWireframe.swift; sourceTree = "<group>"; };
		A57F5595290BFC43006509CB /* NotificationsManager.swift */ = {isa = PBXFileReference; lastKnownFileType = sourcecode.swift; path = NotificationsManager.swift; sourceTree = "<group>"; };
		A5B5B99628D91963001D3C93 /* CapsuleView.swift */ = {isa = PBXFileReference; lastKnownFileType = sourcecode.swift; path = CapsuleView.swift; sourceTree = "<group>"; };
		A5B5B99828D91B35001D3C93 /* LessonsService.swift */ = {isa = PBXFileReference; lastKnownFileType = sourcecode.swift; path = LessonsService.swift; sourceTree = "<group>"; };
		A5B5B99E28D926C2001D3C93 /* relaxAnimation.json */ = {isa = PBXFileReference; fileEncoding = 4; lastKnownFileType = text.json; path = relaxAnimation.json; sourceTree = "<group>"; };
		A5B5B9A128D92B6F001D3C93 /* EmptyScheduleView.swift */ = {isa = PBXFileReference; lastKnownFileType = sourcecode.swift; path = EmptyScheduleView.swift; sourceTree = "<group>"; };
		A5B5B9A628D93253001D3C93 /* activeIndicator.json */ = {isa = PBXFileReference; fileEncoding = 4; lastKnownFileType = text.json; path = activeIndicator.json; sourceTree = "<group>"; };
		A5B5B9A828D93305001D3C93 /* DateExtension.swift */ = {isa = PBXFileReference; lastKnownFileType = sourcecode.swift; path = DateExtension.swift; sourceTree = "<group>"; };
		A5F0EEE7290FE86F0073E2D2 /* RoleTarget.swift */ = {isa = PBXFileReference; lastKnownFileType = sourcecode.swift; path = RoleTarget.swift; sourceTree = "<group>"; };
		A5F0EEEA290FEC5C0073E2D2 /* RoleModel.swift */ = {isa = PBXFileReference; lastKnownFileType = sourcecode.swift; path = RoleModel.swift; sourceTree = "<group>"; };
		A5F0EEF029100A030073E2D2 /* ProfileScreenInterfaces.swift */ = {isa = PBXFileReference; lastKnownFileType = sourcecode.swift; path = ProfileScreenInterfaces.swift; sourceTree = "<group>"; };
		A5F0EEF129100A030073E2D2 /* ProfileScreenPresenter.swift */ = {isa = PBXFileReference; lastKnownFileType = sourcecode.swift; path = ProfileScreenPresenter.swift; sourceTree = "<group>"; };
		A5F0EEF229100A030073E2D2 /* ProfileScreenViewController.swift */ = {isa = PBXFileReference; lastKnownFileType = sourcecode.swift; path = ProfileScreenViewController.swift; sourceTree = "<group>"; };
		A5F0EEF329100A030073E2D2 /* ProfileScreenInteractor.swift */ = {isa = PBXFileReference; lastKnownFileType = sourcecode.swift; path = ProfileScreenInteractor.swift; sourceTree = "<group>"; };
		A5F0EEF429100A030073E2D2 /* ProfileScreenWireframe.swift */ = {isa = PBXFileReference; lastKnownFileType = sourcecode.swift; path = ProfileScreenWireframe.swift; sourceTree = "<group>"; };
		E0FD11B021477963008C2EF8 /* ScheduleApp.app */ = {isa = PBXFileReference; explicitFileType = wrapper.application; includeInIndex = 0; path = ScheduleApp.app; sourceTree = BUILT_PRODUCTS_DIR; };
		E0FD11C421477965008C2EF8 /* ScheduleAppTests.xctest */ = {isa = PBXFileReference; explicitFileType = wrapper.cfbundle; includeInIndex = 0; path = ScheduleAppTests.xctest; sourceTree = BUILT_PRODUCTS_DIR; };
		E0FD11FC21477D0A008C2EF8 /* LaunchScreen.storyboard */ = {isa = PBXFileReference; lastKnownFileType = file.storyboard; path = LaunchScreen.storyboard; sourceTree = "<group>"; };
		E0FD11FE21477D1C008C2EF8 /* Assets.xcassets */ = {isa = PBXFileReference; lastKnownFileType = folder.assetcatalog; path = Assets.xcassets; sourceTree = "<group>"; };
		E0FD120021477D29008C2EF8 /* Info.plist */ = {isa = PBXFileReference; lastKnownFileType = text.plist.xml; path = Info.plist; sourceTree = "<group>"; };
		E0FD1202214781CA008C2EF8 /* ReleaseTest.xcconfig */ = {isa = PBXFileReference; fileEncoding = 4; lastKnownFileType = text.xcconfig; path = ReleaseTest.xcconfig; sourceTree = "<group>"; };
		E0FD1203214781CA008C2EF8 /* Staging.xcconfig */ = {isa = PBXFileReference; fileEncoding = 4; lastKnownFileType = text.xcconfig; path = Staging.xcconfig; sourceTree = "<group>"; };
		E0FD1204214781CA008C2EF8 /* SharedTest.xcconfig */ = {isa = PBXFileReference; fileEncoding = 4; lastKnownFileType = text.xcconfig; path = SharedTest.xcconfig; sourceTree = "<group>"; };
		E0FD1205214781CA008C2EF8 /* Debug.xcconfig */ = {isa = PBXFileReference; fileEncoding = 4; lastKnownFileType = text.xcconfig; path = Debug.xcconfig; sourceTree = "<group>"; };
		E0FD1206214781CA008C2EF8 /* Shared.xcconfig */ = {isa = PBXFileReference; fileEncoding = 4; lastKnownFileType = text.xcconfig; path = Shared.xcconfig; sourceTree = "<group>"; };
		E0FD1207214781CA008C2EF8 /* Release.xcconfig */ = {isa = PBXFileReference; fileEncoding = 4; lastKnownFileType = text.xcconfig; path = Release.xcconfig; sourceTree = "<group>"; };
		E0FD1208214781CA008C2EF8 /* Application.xcconfig */ = {isa = PBXFileReference; fileEncoding = 4; lastKnownFileType = text.xcconfig; path = Application.xcconfig; sourceTree = "<group>"; };
		E0FD1209214781CA008C2EF8 /* StagingTest.xcconfig */ = {isa = PBXFileReference; fileEncoding = 4; lastKnownFileType = text.xcconfig; path = StagingTest.xcconfig; sourceTree = "<group>"; };
		E0FD120A214781CA008C2EF8 /* DebugTest.xcconfig */ = {isa = PBXFileReference; fileEncoding = 4; lastKnownFileType = text.xcconfig; path = DebugTest.xcconfig; sourceTree = "<group>"; };
		E0FD1214214781D2008C2EF8 /* DebugSigning.xcconfig */ = {isa = PBXFileReference; fileEncoding = 4; lastKnownFileType = text.xcconfig; path = DebugSigning.xcconfig; sourceTree = "<group>"; };
		E0FD1215214781D2008C2EF8 /* ReleaseSigning.xcconfig */ = {isa = PBXFileReference; fileEncoding = 4; lastKnownFileType = text.xcconfig; path = ReleaseSigning.xcconfig; sourceTree = "<group>"; };
		E0FD1216214781D2008C2EF8 /* SharedSigning.xcconfig */ = {isa = PBXFileReference; fileEncoding = 4; lastKnownFileType = text.xcconfig; path = SharedSigning.xcconfig; sourceTree = "<group>"; };
		E0FD1217214781D2008C2EF8 /* StagingSigning.xcconfig */ = {isa = PBXFileReference; fileEncoding = 4; lastKnownFileType = text.xcconfig; path = StagingSigning.xcconfig; sourceTree = "<group>"; };
		E0FD121C214783B2008C2EF8 /* main.swift */ = {isa = PBXFileReference; fileEncoding = 4; lastKnownFileType = sourcecode.swift; path = main.swift; sourceTree = "<group>"; };
		E0FD121D214783B2008C2EF8 /* AppDelegate.swift */ = {isa = PBXFileReference; fileEncoding = 4; lastKnownFileType = sourcecode.swift; path = AppDelegate.swift; sourceTree = "<group>"; };
		E0FD1220214783E9008C2EF8 /* Info.plist */ = {isa = PBXFileReference; lastKnownFileType = text.plist.xml; path = Info.plist; sourceTree = "<group>"; };
		E0FD1221214783F1008C2EF8 /* ScheduleAppTests.swift */ = {isa = PBXFileReference; fileEncoding = 4; lastKnownFileType = sourcecode.swift; path = ScheduleAppTests.swift; sourceTree = "<group>"; };
/* End PBXFileReference section */

/* Begin PBXFrameworksBuildPhase section */
		E0FD11AD21477963008C2EF8 /* Frameworks */ = {
			isa = PBXFrameworksBuildPhase;
			buildActionMask = 2147483647;
			files = (
				A53A54CC28D8F270004E0D66 /* SPConfetti in Frameworks */,
				A513BB812909964000317E6B /* Atlantis in Frameworks */,
				A53A54A728D8F1D0004E0D66 /* Kingfisher in Frameworks */,
				A5B5B99D28D923A0001D3C93 /* Lottie in Frameworks */,
				A53A54C028D8F237004E0D66 /* SPIndicator in Frameworks */,
				A56716E82907D80F00CEE8EE /* Moya in Frameworks */,
				A57F559B290C0257006509CB /* NotificationPermission in Frameworks */,
				A5A78D8328EB8B1600646816 /* CocoaTextField in Frameworks */,
				A53A54C928D8F262004E0D66 /* SnapKit in Frameworks */,
				A568DF2328D3D0FD00341814 /* AsyncPlus in Frameworks */,
				A53A54C628D8F253004E0D66 /* SafeSFSymbols in Frameworks */,
				A5B5B99428D915EB001D3C93 /* SkeletonView in Frameworks */,
				A54F7D5328E34B9800245559 /* STTextView in Frameworks */,
				A56716E5290710C400CEE8EE /* KeychainAccess in Frameworks */,
				A53A54C328D8F247004E0D66 /* Reusable in Frameworks */,
				A54F7D0928DE29F700245559 /* JTAppleCalendar in Frameworks */,
				A5B5B9A528D92F54001D3C93 /* GradientLoadingBar in Frameworks */,
			);
			runOnlyForDeploymentPostprocessing = 0;
		};
		E0FD11C121477965008C2EF8 /* Frameworks */ = {
			isa = PBXFrameworksBuildPhase;
			buildActionMask = 2147483647;
			files = (
			);
			runOnlyForDeploymentPostprocessing = 0;
		};
/* End PBXFrameworksBuildPhase section */

/* Begin PBXGroup section */
		A54F7D1228E1062000245559 /* ScheduleScreen */ = {
			isa = PBXGroup;
			children = (
				A54F7D1028E104DA00245559 /* ScheduleScreenTests.swift */,
				A54F7D1528E1063B00245559 /* Mocks */,
			);
			path = ScheduleScreen;
			sourceTree = "<group>";
		};
		A54F7D1528E1063B00245559 /* Mocks */ = {
			isa = PBXGroup;
			children = (
				A54F7D1328E1063600245559 /* MockedLessonsService.swift */,
			);
			path = Mocks;
			sourceTree = "<group>";
		};
		A54F7D1628E2118B00245559 /* SplashScreen */ = {
			isa = PBXGroup;
			children = (
				A54F7D1928E211B300245559 /* SplashScreenViewController.swift */,
			);
			path = SplashScreen;
			sourceTree = "<group>";
		};
		A54F7D2128E259BD00245559 /* CoursesScreen */ = {
			isa = PBXGroup;
			children = (
				A54F7D3228E25CFF00245559 /* Cell */,
				A54F7D2228E259E400245559 /* CoursesScreenInterfaces.swift */,
				A54F7D2328E259E400245559 /* CoursesScreenPresenter.swift */,
				A54F7D2428E259E400245559 /* CoursesScreenViewController.swift */,
				A54F7D2528E259E400245559 /* CoursesScreenInteractor.swift */,
				A54F7D2628E259E400245559 /* CoursesScreenWireframe.swift */,
				A54F7D2F28E25B5600245559 /* Services */,
			);
			path = CoursesScreen;
			sourceTree = "<group>";
		};
		A54F7D2F28E25B5600245559 /* Services */ = {
			isa = PBXGroup;
			children = (
				A54F7D3028E25B6600245559 /* CoursesService.swift */,
			);
			path = Services;
			sourceTree = "<group>";
		};
		A54F7D3228E25CFF00245559 /* Cell */ = {
			isa = PBXGroup;
			children = (
				A54F7D3328E25D0B00245559 /* CourseTableViewCell.swift */,
			);
			path = Cell;
			sourceTree = "<group>";
		};
		A54F7D3528E3400600245559 /* UIComponents */ = {
			isa = PBXGroup;
			children = (
				A550E53528F08B5800F846FC /* Generated */,
				A54F7D3628E3401400245559 /* Fonts.swift */,
				A54F7D3828E3401A00245559 /* Colors.swift */,
				A54F7D3A28E3401F00245559 /* Labels.swift */,
				A54F7D3C28E3402600245559 /* Buttons.swift */,
				A550E52D28F084AF00F846FC /* LottieAnimationViews.swift */,
			);
			name = UIComponents;
			path = ..;
			sourceTree = "<group>";
		};
		A54F7D4328E3461200245559 /* CoursesCreatorScreen */ = {
			isa = PBXGroup;
			children = (
				A54F7D4428E3463900245559 /* CoursesCreatorScreenInterfaces.swift */,
				A54F7D4528E3463900245559 /* CoursesCreatorScreenPresenter.swift */,
				A54F7D4628E3463900245559 /* CoursesCreatorScreenViewController.swift */,
				A54F7D4728E3463900245559 /* CoursesCreatorScreenInteractor.swift */,
				A54F7D4828E3463900245559 /* CoursesCreatorScreenWireframe.swift */,
			);
			path = CoursesCreatorScreen;
			sourceTree = "<group>";
		};
		A550E52A28F0805A00F846FC /* TabBar */ = {
			isa = PBXGroup;
			children = (
				A550E52B28F0806800F846FC /* TabBar.swift */,
			);
			path = TabBar;
			sourceTree = "<group>";
		};
		A550E53328F08B1E00F846FC /* Application */ = {
			isa = PBXGroup;
			children = (
				A54F7D3528E3400600245559 /* UIComponents */,
				A568DF1428D3C9B600341814 /* BaseVIPER */,
				A568DF1128D3C8D100341814 /* Helpers */,
				E0FD121D214783B2008C2EF8 /* AppDelegate.swift */,
				E0FD121C214783B2008C2EF8 /* main.swift */,
				A568DF1F28D3CDDA00341814 /* Constants.swift */,
			);
			path = Application;
			sourceTree = "<group>";
		};
		A550E53528F08B5800F846FC /* Generated */ = {
			isa = PBXGroup;
			children = (
				A550E53628F08D6400F846FC /* Assets.swift */,
			);
			path = Generated;
			sourceTree = "<group>";
		};
		A56716D129070CEB00CEE8EE /* AuthScreen */ = {
			isa = PBXGroup;
			children = (
				A56716DC29070D1500CEE8EE /* Services */,
				A56716D229070D0100CEE8EE /* AuthScreenInterfaces.swift */,
				A56716D329070D0100CEE8EE /* AuthScreenPresenter.swift */,
				A56716D429070D0100CEE8EE /* AuthScreenViewController.swift */,
				A56716D529070D0100CEE8EE /* AuthScreenInteractor.swift */,
				A56716D629070D0100CEE8EE /* AuthScreenWireframe.swift */,
			);
			path = AuthScreen;
			sourceTree = "<group>";
		};
		A56716DC29070D1500CEE8EE /* Services */ = {
			isa = PBXGroup;
			children = (
				A56716DE29070D3A00CEE8EE /* AuthService.swift */,
			);
			path = Services;
			sourceTree = "<group>";
		};
		A56716E92907D81D00CEE8EE /* Network */ = {
			isa = PBXGroup;
			children = (
				A5F0EEE9290FEC510073E2D2 /* Role */,
				A56716ED2907D85A00CEE8EE /* User */,
				A56716EC2907D85400CEE8EE /* Lesson */,
				A56716EB2907D84700CEE8EE /* CourseCategory */,
				A56716EA2907D84000CEE8EE /* Course */,
				A56716F02907D9BF00CEE8EE /* TargetType+Extension.swift */,
				A56716F82907E4B500CEE8EE /* NetworkService.swift */,
			);
			path = Network;
			sourceTree = "<group>";
		};
		A56716EA2907D84000CEE8EE /* Course */ = {
			isa = PBXGroup;
			children = (
				A54F7D2D28E25A9F00245559 /* CourseModel.swift */,
				A56716F62907E1AC00CEE8EE /* CourseTarget.swift */,
			);
			path = Course;
			sourceTree = "<group>";
		};
		A56716EB2907D84700CEE8EE /* CourseCategory */ = {
			isa = PBXGroup;
			children = (
			);
			path = CourseCategory;
			sourceTree = "<group>";
		};
		A56716EC2907D85400CEE8EE /* Lesson */ = {
			isa = PBXGroup;
			children = (
				A56716F42907DE6700CEE8EE /* LessonTarget.swift */,
				A568DF0D28D3C89B00341814 /* LessonModel.swift */,
			);
			path = Lesson;
			sourceTree = "<group>";
		};
		A56716ED2907D85A00CEE8EE /* User */ = {
			isa = PBXGroup;
			children = (
				A56716EE2907D91200CEE8EE /* UserTarget.swift */,
				A56717082907F5CA00CEE8EE /* UserModel.swift */,
			);
			path = User;
			sourceTree = "<group>";
		};
		A56717072907F5B200CEE8EE /* CourseDescriptionScreen */ = {
			isa = PBXGroup;
			children = (
				A567170A2907F5E700CEE8EE /* CourseDescriptionScreenInterfaces.swift */,
				A567170B2907F5E700CEE8EE /* CourseDescriptionScreenPresenter.swift */,
				A567170C2907F5E700CEE8EE /* CourseDescriptionScreenViewController.swift */,
				A567170D2907F5E700CEE8EE /* CourseDescriptionScreenInteractor.swift */,
				A567170E2907F5E700CEE8EE /* CourseDescriptionScreenWireframe.swift */,
			);
			path = CourseDescriptionScreen;
			sourceTree = "<group>";
		};
		A568DEFE28D3C84D00341814 /* ScheduleScreen */ = {
			isa = PBXGroup;
			children = (
				A5B5B99528D91954001D3C93 /* HelperViews */,
				A568DF0B28D3C88C00341814 /* Cell */,
				A568DEFF28D3C85C00341814 /* ScheduleScreenInterfaces.swift */,
				A568DF0028D3C85C00341814 /* ScheduleScreenPresenter.swift */,
				A568DF0128D3C85C00341814 /* ScheduleScreenViewController.swift */,
				A568DF0328D3C85C00341814 /* ScheduleScreenInteractor.swift */,
				A568DF0428D3C85C00341814 /* ScheduleScreenWireframe.swift */,
				A5B5B99A28D91B3A001D3C93 /* Services */,
			);
			path = ScheduleScreen;
			sourceTree = "<group>";
		};
		A568DF0B28D3C88C00341814 /* Cell */ = {
			isa = PBXGroup;
			children = (
				A568DF0F28D3C8AC00341814 /* LessonTableViewCell.swift */,
				A54F7D0A28E0D30B00245559 /* DateCell.swift */,
			);
			path = Cell;
			sourceTree = "<group>";
		};
		A568DF1128D3C8D100341814 /* Helpers */ = {
			isa = PBXGroup;
			children = (
				A5B5B9A828D93305001D3C93 /* DateExtension.swift */,
				A54F7D4128E3443B00245559 /* UIViewControllerExtensions.swift */,
				A550E52828F056B100F846FC /* Encodable + toDictionary.swift */,
				A550E53828F09B7C00F846FC /* UIImage+Resize.swift */,
				A550E53A28F42A3C00F846FC /* String+nilIfEmpty.swift */,
				A57F5595290BFC43006509CB /* NotificationsManager.swift */,
			);
			name = Helpers;
			path = ..;
			sourceTree = "<group>";
		};
		A568DF1428D3C9B600341814 /* BaseVIPER */ = {
			isa = PBXGroup;
			children = (
				A568DF1528D3C9C600341814 /* BaseWireframe.swift */,
				A568DF1628D3C9C600341814 /* FormatterInterface.swift */,
				A568DF1728D3C9C600341814 /* PresenterInterface.swift */,
				A568DF1828D3C9C600341814 /* ViewInterface.swift */,
				A568DF1928D3C9C600341814 /* InteractorInterface.swift */,
			);
			name = BaseVIPER;
			path = ..;
			sourceTree = "<group>";
		};
		A57F558A290BDE47006509CB /* LessonCreatorScreen */ = {
			isa = PBXGroup;
			children = (
				A57F558B290BDE5D006509CB /* LessonCreatorScreenInterfaces.swift */,
				A57F558C290BDE5D006509CB /* LessonCreatorScreenPresenter.swift */,
				A57F558D290BDE5D006509CB /* LessonCreatorScreenViewController.swift */,
				A57F558E290BDE5D006509CB /* LessonCreatorScreenInteractor.swift */,
				A57F558F290BDE5D006509CB /* LessonCreatorScreenWireframe.swift */,
			);
			path = LessonCreatorScreen;
			sourceTree = "<group>";
		};
		A5B5B99528D91954001D3C93 /* HelperViews */ = {
			isa = PBXGroup;
			children = (
				A5B5B99628D91963001D3C93 /* CapsuleView.swift */,
				A5B5B9A128D92B6F001D3C93 /* EmptyScheduleView.swift */,
			);
			path = HelperViews;
			sourceTree = "<group>";
		};
		A5B5B99A28D91B3A001D3C93 /* Services */ = {
			isa = PBXGroup;
			children = (
				A5B5B99828D91B35001D3C93 /* LessonsService.swift */,
			);
			path = Services;
			sourceTree = "<group>";
		};
		A5B5B9A028D926C9001D3C93 /* LottieAnimations */ = {
			isa = PBXGroup;
			children = (
				A5B5B99E28D926C2001D3C93 /* relaxAnimation.json */,
				A5B5B9A628D93253001D3C93 /* activeIndicator.json */,
				A54F7D1F28E2125300245559 /* icon.json */,
			);
			path = LottieAnimations;
			sourceTree = "<group>";
		};
		A5F0EEE9290FEC510073E2D2 /* Role */ = {
			isa = PBXGroup;
			children = (
				A5F0EEE7290FE86F0073E2D2 /* RoleTarget.swift */,
				A5F0EEEA290FEC5C0073E2D2 /* RoleModel.swift */,
			);
			path = Role;
			sourceTree = "<group>";
		};
		A5F0EEEF291009F20073E2D2 /* ProfileScreen */ = {
			isa = PBXGroup;
			children = (
				A5F0EEF029100A030073E2D2 /* ProfileScreenInterfaces.swift */,
				A5F0EEF129100A030073E2D2 /* ProfileScreenPresenter.swift */,
				A5F0EEF229100A030073E2D2 /* ProfileScreenViewController.swift */,
				A5F0EEF329100A030073E2D2 /* ProfileScreenInteractor.swift */,
				A5F0EEF429100A030073E2D2 /* ProfileScreenWireframe.swift */,
			);
			path = ProfileScreen;
			sourceTree = "<group>";
		};
		E0BB8FB721695633001922DE /* Scenes */ = {
			isa = PBXGroup;
			children = (
				A5F0EEEF291009F20073E2D2 /* ProfileScreen */,
				A57F558A290BDE47006509CB /* LessonCreatorScreen */,
				A56717072907F5B200CEE8EE /* CourseDescriptionScreen */,
				A56716D129070CEB00CEE8EE /* AuthScreen */,
				A550E52A28F0805A00F846FC /* TabBar */,
				A54F7D4328E3461200245559 /* CoursesCreatorScreen */,
				A54F7D2128E259BD00245559 /* CoursesScreen */,
				A54F7D1628E2118B00245559 /* SplashScreen */,
				A568DEFE28D3C84D00341814 /* ScheduleScreen */,
			);
			path = Scenes;
			sourceTree = "<group>";
		};
		E0FD11A721477963008C2EF8 = {
			isa = PBXGroup;
			children = (
				E0FD11B221477963008C2EF8 /* ScheduleApp */,
				E0FD11C721477965008C2EF8 /* ScheduleAppTests */,
				E0FD11B121477963008C2EF8 /* Products */,
			);
			sourceTree = "<group>";
		};
		E0FD11B121477963008C2EF8 /* Products */ = {
			isa = PBXGroup;
			children = (
				E0FD11B021477963008C2EF8 /* ScheduleApp.app */,
				E0FD11C421477965008C2EF8 /* ScheduleAppTests.xctest */,
			);
			name = Products;
			sourceTree = "<group>";
		};
		E0FD11B221477963008C2EF8 /* ScheduleApp */ = {
			isa = PBXGroup;
			children = (
				A56716E92907D81D00CEE8EE /* Network */,
				E0BB8FB721695633001922DE /* Scenes */,
				E0FD11F821477C98008C2EF8 /* Resources */,
				E0FD11F721477C92008C2EF8 /* Configurations */,
				A550E53328F08B1E00F846FC /* Application */,
				A5B5B9A028D926C9001D3C93 /* LottieAnimations */,
			);
			path = ScheduleApp;
			sourceTree = "<group>";
		};
		E0FD11C721477965008C2EF8 /* ScheduleAppTests */ = {
			isa = PBXGroup;
			children = (
				E0FD11FA21477CB2008C2EF8 /* Tests */,
				E0FD11F921477CAB008C2EF8 /* Configurations */,
			);
			path = ScheduleAppTests;
			sourceTree = "<group>";
		};
		E0FD11F721477C92008C2EF8 /* Configurations */ = {
			isa = PBXGroup;
			children = (
				E0FD11FB21477CCB008C2EF8 /* Builds */,
				E0FD120021477D29008C2EF8 /* Info.plist */,
			);
			path = Configurations;
			sourceTree = "<group>";
		};
		E0FD11F821477C98008C2EF8 /* Resources */ = {
			isa = PBXGroup;
			children = (
				E0FD11FC21477D0A008C2EF8 /* LaunchScreen.storyboard */,
				E0FD11FE21477D1C008C2EF8 /* Assets.xcassets */,
			);
			path = Resources;
			sourceTree = "<group>";
		};
		E0FD11F921477CAB008C2EF8 /* Configurations */ = {
			isa = PBXGroup;
			children = (
				E0FD1220214783E9008C2EF8 /* Info.plist */,
			);
			path = Configurations;
			sourceTree = "<group>";
		};
		E0FD11FA21477CB2008C2EF8 /* Tests */ = {
			isa = PBXGroup;
			children = (
				E0FD1221214783F1008C2EF8 /* ScheduleAppTests.swift */,
				A54F7D1228E1062000245559 /* ScheduleScreen */,
			);
			path = Tests;
			sourceTree = "<group>";
		};
		E0FD11FB21477CCB008C2EF8 /* Builds */ = {
			isa = PBXGroup;
			children = (
				E0FD1208214781CA008C2EF8 /* Application.xcconfig */,
				E0FD1205214781CA008C2EF8 /* Debug.xcconfig */,
				E0FD120A214781CA008C2EF8 /* DebugTest.xcconfig */,
				E0FD1207214781CA008C2EF8 /* Release.xcconfig */,
				E0FD1202214781CA008C2EF8 /* ReleaseTest.xcconfig */,
				E0FD1206214781CA008C2EF8 /* Shared.xcconfig */,
				E0FD1204214781CA008C2EF8 /* SharedTest.xcconfig */,
				E0FD1203214781CA008C2EF8 /* Staging.xcconfig */,
				E0FD1209214781CA008C2EF8 /* StagingTest.xcconfig */,
				E0FD12012147817C008C2EF8 /* Signing */,
			);
			path = Builds;
			sourceTree = "<group>";
		};
		E0FD12012147817C008C2EF8 /* Signing */ = {
			isa = PBXGroup;
			children = (
				E0FD1214214781D2008C2EF8 /* DebugSigning.xcconfig */,
				E0FD1215214781D2008C2EF8 /* ReleaseSigning.xcconfig */,
				E0FD1216214781D2008C2EF8 /* SharedSigning.xcconfig */,
				E0FD1217214781D2008C2EF8 /* StagingSigning.xcconfig */,
			);
			path = Signing;
			sourceTree = "<group>";
		};
/* End PBXGroup section */

/* Begin PBXNativeTarget section */
		E0FD11AF21477963008C2EF8 /* ScheduleApp */ = {
			isa = PBXNativeTarget;
			buildConfigurationList = E0FD11CD21477965008C2EF8 /* Build configuration list for PBXNativeTarget "ScheduleApp" */;
			buildPhases = (
				E0C82F2521478957009EA559 /* SwiftLint */,
				E0FD11AC21477963008C2EF8 /* Sources */,
				E0FD11AD21477963008C2EF8 /* Frameworks */,
				E0FD11AE21477963008C2EF8 /* Resources */,
				E01BC7262148DA3A004BB3A4 /* Embed Frameworks */,
			);
			buildRules = (
			);
			dependencies = (
			);
			name = ScheduleApp;
			packageProductDependencies = (
				A568DF2228D3D0FD00341814 /* AsyncPlus */,
				A53A54A628D8F1D0004E0D66 /* Kingfisher */,
				A53A54BF28D8F237004E0D66 /* SPIndicator */,
				A53A54C228D8F247004E0D66 /* Reusable */,
				A53A54C528D8F253004E0D66 /* SafeSFSymbols */,
				A53A54C828D8F262004E0D66 /* SnapKit */,
				A53A54CB28D8F270004E0D66 /* SPConfetti */,
				A5B5B99328D915EB001D3C93 /* SkeletonView */,
				A5B5B99C28D923A0001D3C93 /* Lottie */,
				A5B5B9A428D92F54001D3C93 /* GradientLoadingBar */,
				A54F7D0828DE29F700245559 /* JTAppleCalendar */,
				A54F7D5228E34B9800245559 /* STTextView */,
				A5A78D8228EB8B1600646816 /* CocoaTextField */,
				A56716E4290710C400CEE8EE /* KeychainAccess */,
				A56716E72907D80F00CEE8EE /* Moya */,
				A513BB802909964000317E6B /* Atlantis */,
				A57F559A290C0257006509CB /* NotificationPermission */,
			);
			productName = ScheduleApp;
			productReference = E0FD11B021477963008C2EF8 /* ScheduleApp.app */;
			productType = "com.apple.product-type.application";
		};
		E0FD11C321477965008C2EF8 /* ScheduleAppTests */ = {
			isa = PBXNativeTarget;
			buildConfigurationList = E0FD11D021477965008C2EF8 /* Build configuration list for PBXNativeTarget "ScheduleAppTests" */;
			buildPhases = (
				E0FD11C021477965008C2EF8 /* Sources */,
				E0FD11C121477965008C2EF8 /* Frameworks */,
				E0FD11C221477965008C2EF8 /* Resources */,
			);
			buildRules = (
			);
			dependencies = (
				E0FD11C621477965008C2EF8 /* PBXTargetDependency */,
			);
			name = ScheduleAppTests;
			productName = ScheduleAppTests;
			productReference = E0FD11C421477965008C2EF8 /* ScheduleAppTests.xctest */;
			productType = "com.apple.product-type.bundle.unit-test";
		};
/* End PBXNativeTarget section */

/* Begin PBXProject section */
		E0FD11A821477963008C2EF8 /* Project object */ = {
			isa = PBXProject;
			attributes = {
				LastSwiftUpdateCheck = 1000;
				LastUpgradeCheck = 1400;
				ORGANIZATIONNAME = messeb.com;
				TargetAttributes = {
					E0FD11AF21477963008C2EF8 = {
						CreatedOnToolsVersion = 10.0;
						LastSwiftMigration = 1000;
					};
					E0FD11C321477965008C2EF8 = {
						CreatedOnToolsVersion = 10.0;
						LastSwiftMigration = 1100;
						TestTargetID = E0FD11AF21477963008C2EF8;
					};
				};
			};
			buildConfigurationList = E0FD11AB21477963008C2EF8 /* Build configuration list for PBXProject "ScheduleApp" */;
			compatibilityVersion = "Xcode 10.0";
			developmentRegion = en;
			hasScannedForEncodings = 0;
			knownRegions = (
				en,
				Base,
			);
			mainGroup = E0FD11A721477963008C2EF8;
			packageReferences = (
				A568DF2128D3D0FD00341814 /* XCRemoteSwiftPackageReference "async-plus" */,
				A53A54A528D8F1D0004E0D66 /* XCRemoteSwiftPackageReference "Kingfisher" */,
				A53A54BE28D8F237004E0D66 /* XCRemoteSwiftPackageReference "SPIndicator" */,
				A53A54C128D8F247004E0D66 /* XCRemoteSwiftPackageReference "Reusable" */,
				A53A54C428D8F253004E0D66 /* XCRemoteSwiftPackageReference "SafeSFSymbols" */,
				A53A54C728D8F262004E0D66 /* XCRemoteSwiftPackageReference "SnapKit" */,
				A53A54CA28D8F270004E0D66 /* XCRemoteSwiftPackageReference "SPConfetti" */,
				A5B5B99228D915EB001D3C93 /* XCRemoteSwiftPackageReference "SkeletonView" */,
				A5B5B99B28D923A0001D3C93 /* XCRemoteSwiftPackageReference "lottie-ios" */,
				A5B5B9A328D92F54001D3C93 /* XCRemoteSwiftPackageReference "GradientLoadingBar" */,
				A54F7D0728DE29F700245559 /* XCRemoteSwiftPackageReference "JTAppleCalendar" */,
				A54F7D5128E34B9700245559 /* XCRemoteSwiftPackageReference "STTextView" */,
				A5A78D8128EB8B1600646816 /* XCRemoteSwiftPackageReference "CocoaTextField" */,
				A56716E3290710C400CEE8EE /* XCRemoteSwiftPackageReference "KeychainAccess" */,
				A56716E62907D80F00CEE8EE /* XCRemoteSwiftPackageReference "Moya" */,
				A513BB7F2909964000317E6B /* XCRemoteSwiftPackageReference "atlantis" */,
				A57F5599290C0257006509CB /* XCRemoteSwiftPackageReference "PermissionsKit" */,
			);
			productRefGroup = E0FD11B121477963008C2EF8 /* Products */;
			projectDirPath = "";
			projectRoot = "";
			targets = (
				E0FD11AF21477963008C2EF8 /* ScheduleApp */,
				E0FD11C321477965008C2EF8 /* ScheduleAppTests */,
			);
		};
/* End PBXProject section */

/* Begin PBXResourcesBuildPhase section */
		E0FD11AE21477963008C2EF8 /* Resources */ = {
			isa = PBXResourcesBuildPhase;
			buildActionMask = 2147483647;
			files = (
				A5B5B99F28D926C2001D3C93 /* relaxAnimation.json in Resources */,
				A5B5B9A728D93253001D3C93 /* activeIndicator.json in Resources */,
				A54F7D2028E2125300245559 /* icon.json in Resources */,
				E0FD11FF21477D1C008C2EF8 /* Assets.xcassets in Resources */,
				E0FD11FD21477D0A008C2EF8 /* LaunchScreen.storyboard in Resources */,
			);
			runOnlyForDeploymentPostprocessing = 0;
		};
		E0FD11C221477965008C2EF8 /* Resources */ = {
			isa = PBXResourcesBuildPhase;
			buildActionMask = 2147483647;
			files = (
			);
			runOnlyForDeploymentPostprocessing = 0;
		};
/* End PBXResourcesBuildPhase section */

/* Begin PBXShellScriptBuildPhase section */
		E0C82F2521478957009EA559 /* SwiftLint */ = {
			isa = PBXShellScriptBuildPhase;
			alwaysOutOfDate = 1;
			buildActionMask = 2147483647;
			files = (
			);
			inputFileListPaths = (
			);
			inputPaths = (
			);
			name = SwiftLint;
			outputFileListPaths = (
			);
			outputPaths = (
			);
			runOnlyForDeploymentPostprocessing = 0;
			shellPath = /bin/sh;
			shellScript = "if which swiftlint >/dev/null; then\n    swiftlint\nelse\n    echo \"warning: SwiftLint not installed, download from https://github.com/realm/SwiftLint\"\nfi\n";
		};
/* End PBXShellScriptBuildPhase section */

/* Begin PBXSourcesBuildPhase section */
		E0FD11AC21477963008C2EF8 /* Sources */ = {
			isa = PBXSourcesBuildPhase;
			buildActionMask = 2147483647;
			files = (
				A54F7D4C28E3463A00245559 /* CoursesCreatorScreenInteractor.swift in Sources */,
				A5F0EEF529100A030073E2D2 /* ProfileScreenInterfaces.swift in Sources */,
				A54F7D2B28E259E400245559 /* CoursesScreenWireframe.swift in Sources */,
				A54F7D3928E3401A00245559 /* Colors.swift in Sources */,
				A57F5592290BDE5D006509CB /* LessonCreatorScreenViewController.swift in Sources */,
				A568DF1E28D3C9C600341814 /* InteractorInterface.swift in Sources */,
				A54F7D2928E259E400245559 /* CoursesScreenViewController.swift in Sources */,
				A5F0EEE8290FE86F0073E2D2 /* RoleTarget.swift in Sources */,
				A54F7D2E28E25A9F00245559 /* CourseModel.swift in Sources */,
				A56716D729070D0100CEE8EE /* AuthScreenInterfaces.swift in Sources */,
				A54F7D1D28E211B300245559 /* SplashScreenViewController.swift in Sources */,
				A54F7D3428E25D0B00245559 /* CourseTableViewCell.swift in Sources */,
				A5B5B9A928D93305001D3C93 /* DateExtension.swift in Sources */,
				A5B5B99928D91B35001D3C93 /* LessonsService.swift in Sources */,
				A57F5594290BDE5D006509CB /* LessonCreatorScreenWireframe.swift in Sources */,
				A567170F2907F5E700CEE8EE /* CourseDescriptionScreenInterfaces.swift in Sources */,
				A568DF0728D3C85C00341814 /* ScheduleScreenViewController.swift in Sources */,
				A568DF0928D3C85C00341814 /* ScheduleScreenInteractor.swift in Sources */,
				A56717132907F5E700CEE8EE /* CourseDescriptionScreenWireframe.swift in Sources */,
				A56716F52907DE6700CEE8EE /* LessonTarget.swift in Sources */,
				A5B5B99728D91963001D3C93 /* CapsuleView.swift in Sources */,
				A568DF1028D3C8AC00341814 /* LessonTableViewCell.swift in Sources */,
				A568DF1A28D3C9C600341814 /* BaseWireframe.swift in Sources */,
				A54F7D4B28E3463A00245559 /* CoursesCreatorScreenViewController.swift in Sources */,
				A568DF0528D3C85C00341814 /* ScheduleScreenInterfaces.swift in Sources */,
				A568DF0A28D3C85C00341814 /* ScheduleScreenWireframe.swift in Sources */,
				A54F7D4928E3463A00245559 /* CoursesCreatorScreenInterfaces.swift in Sources */,
				A550E52928F056B100F846FC /* Encodable + toDictionary.swift in Sources */,
				A568DF2028D3CDDA00341814 /* Constants.swift in Sources */,
				A550E52E28F084AF00F846FC /* LottieAnimationViews.swift in Sources */,
				A5F0EEEB290FEC5C0073E2D2 /* RoleModel.swift in Sources */,
				A54F7D3728E3401400245559 /* Fonts.swift in Sources */,
				A56717112907F5E700CEE8EE /* CourseDescriptionScreenViewController.swift in Sources */,
				A57F5596290BFC43006509CB /* NotificationsManager.swift in Sources */,
				A568DF1C28D3C9C600341814 /* PresenterInterface.swift in Sources */,
				A54F7D4D28E3463A00245559 /* CoursesCreatorScreenWireframe.swift in Sources */,
				A56716DA29070D0100CEE8EE /* AuthScreenInteractor.swift in Sources */,
				A56716F72907E1AC00CEE8EE /* CourseTarget.swift in Sources */,
				A568DF0628D3C85C00341814 /* ScheduleScreenPresenter.swift in Sources */,
				A56716D929070D0100CEE8EE /* AuthScreenViewController.swift in Sources */,
				A56717092907F5CA00CEE8EE /* UserModel.swift in Sources */,
				A56716DB29070D0100CEE8EE /* AuthScreenWireframe.swift in Sources */,
				A57F5593290BDE5D006509CB /* LessonCreatorScreenInteractor.swift in Sources */,
				A57F5590290BDE5D006509CB /* LessonCreatorScreenInterfaces.swift in Sources */,
				A568DF1D28D3C9C600341814 /* ViewInterface.swift in Sources */,
				A56716F92907E4B500CEE8EE /* NetworkService.swift in Sources */,
				A56717102907F5E700CEE8EE /* CourseDescriptionScreenPresenter.swift in Sources */,
				A54F7D2A28E259E400245559 /* CoursesScreenInteractor.swift in Sources */,
				A5F0EEF629100A030073E2D2 /* ProfileScreenPresenter.swift in Sources */,
				A54F7D3128E25B6600245559 /* CoursesService.swift in Sources */,
				A54F7D4228E3443B00245559 /* UIViewControllerExtensions.swift in Sources */,
				A550E53728F08D6400F846FC /* Assets.swift in Sources */,
				E0FD121F214783B2008C2EF8 /* AppDelegate.swift in Sources */,
				A56716D829070D0100CEE8EE /* AuthScreenPresenter.swift in Sources */,
				A54F7D3D28E3402600245559 /* Buttons.swift in Sources */,
				A54F7D2828E259E400245559 /* CoursesScreenPresenter.swift in Sources */,
				A54F7D0B28E0D30B00245559 /* DateCell.swift in Sources */,
				A56716F12907D9BF00CEE8EE /* TargetType+Extension.swift in Sources */,
				A568DF1B28D3C9C600341814 /* FormatterInterface.swift in Sources */,
				A56717122907F5E700CEE8EE /* CourseDescriptionScreenInteractor.swift in Sources */,
				A550E52C28F0806800F846FC /* TabBar.swift in Sources */,
				A550E53928F09B7C00F846FC /* UIImage+Resize.swift in Sources */,
				A54F7D4A28E3463A00245559 /* CoursesCreatorScreenPresenter.swift in Sources */,
				E0FD121E214783B2008C2EF8 /* main.swift in Sources */,
				A54F7D3B28E3401F00245559 /* Labels.swift in Sources */,
				A5F0EEF929100A030073E2D2 /* ProfileScreenWireframe.swift in Sources */,
				A54F7D2728E259E400245559 /* CoursesScreenInterfaces.swift in Sources */,
				A5F0EEF829100A030073E2D2 /* ProfileScreenInteractor.swift in Sources */,
				A5B5B9A228D92B6F001D3C93 /* EmptyScheduleView.swift in Sources */,
				A56716DF29070D3A00CEE8EE /* AuthService.swift in Sources */,
				A56716EF2907D91200CEE8EE /* UserTarget.swift in Sources */,
				A5F0EEF729100A030073E2D2 /* ProfileScreenViewController.swift in Sources */,
				A57F5591290BDE5D006509CB /* LessonCreatorScreenPresenter.swift in Sources */,
				A550E53B28F42A3C00F846FC /* String+nilIfEmpty.swift in Sources */,
				A568DF0E28D3C89B00341814 /* LessonModel.swift in Sources */,
			);
			runOnlyForDeploymentPostprocessing = 0;
		};
		E0FD11C021477965008C2EF8 /* Sources */ = {
			isa = PBXSourcesBuildPhase;
			buildActionMask = 2147483647;
			files = (
				A54F7D1128E104DA00245559 /* ScheduleScreenTests.swift in Sources */,
				A54F7D1428E1063600245559 /* MockedLessonsService.swift in Sources */,
				E0FD1222214783F1008C2EF8 /* ScheduleAppTests.swift in Sources */,
			);
			runOnlyForDeploymentPostprocessing = 0;
		};
/* End PBXSourcesBuildPhase section */

/* Begin PBXTargetDependency section */
		E0FD11C621477965008C2EF8 /* PBXTargetDependency */ = {
			isa = PBXTargetDependency;
			target = E0FD11AF21477963008C2EF8 /* ScheduleApp */;
			targetProxy = E0FD11C521477965008C2EF8 /* PBXContainerItemProxy */;
		};
/* End PBXTargetDependency section */

/* Begin XCBuildConfiguration section */
		E0C82F4621478B2D009EA559 /* Release */ = {
			isa = XCBuildConfiguration;
			baseConfigurationReference = E0FD1208214781CA008C2EF8 /* Application.xcconfig */;
			buildSettings = {
				CLANG_WARN_QUOTED_INCLUDE_IN_FRAMEWORK_HEADER = YES;
				IPHONEOS_DEPLOYMENT_TARGET = 14.0;
				MTL_ENABLE_DEBUG_INFO = NO;
				MTL_FAST_MATH = YES;
				OTHER_SWIFT_FLAGS = "";
				SWIFT_COMPILATION_MODE = wholemodule;
				SWIFT_OPTIMIZATION_LEVEL = "-O";
			};
			name = Release;
		};
		E0C82F4721478B2D009EA559 /* Release */ = {
			isa = XCBuildConfiguration;
			baseConfigurationReference = E0FD1207214781CA008C2EF8 /* Release.xcconfig */;
			buildSettings = {
				ASSETCATALOG_COMPILER_INCLUDE_ALL_APPICON_ASSETS = NO;
				CLANG_ENABLE_MODULES = YES;
				CODE_SIGN_IDENTITY = "Apple Development";
				CODE_SIGN_STYLE = Automatic;
				CURRENT_PROJECT_VERSION = 1;
				DEVELOPMENT_TEAM = 4D7YJ8BY8H;
				INFOPLIST_KEY_CFBundleDisplayName = ScheduleApp;
				LD_RUNPATH_SEARCH_PATHS = (
					"$(inherited)",
					"@executable_path/Frameworks",
				);
				MARKETING_VERSION = 1.0;
				PRODUCT_BUNDLE_IDENTIFIER = com.IgorKlyuzhev.ScheduleApp;
				PROVISIONING_PROFILE_SPECIFIER = "";
				SUPPORTED_PLATFORMS = "iphoneos iphonesimulator";
				SUPPORTS_MACCATALYST = NO;
				SUPPORTS_MAC_DESIGNED_FOR_IPHONE_IPAD = NO;
				SWIFT_VERSION = 5.0;
				TARGETED_DEVICE_FAMILY = 1;
			};
			name = Release;
		};
		E0C82F4821478B2D009EA559 /* Release */ = {
			isa = XCBuildConfiguration;
			baseConfigurationReference = E0FD1202214781CA008C2EF8 /* ReleaseTest.xcconfig */;
			buildSettings = {
			};
			name = Release;
		};
		E0FD11CB21477965008C2EF8 /* Debug */ = {
			isa = XCBuildConfiguration;
			baseConfigurationReference = E0FD1208214781CA008C2EF8 /* Application.xcconfig */;
			buildSettings = {
				CLANG_WARN_QUOTED_INCLUDE_IN_FRAMEWORK_HEADER = YES;
				ENABLE_TESTABILITY = YES;
				IPHONEOS_DEPLOYMENT_TARGET = 14.0;
				MTL_ENABLE_DEBUG_INFO = INCLUDE_SOURCE;
				MTL_FAST_MATH = YES;
				ONLY_ACTIVE_ARCH = YES;
				OTHER_SWIFT_FLAGS = "";
				SWIFT_ACTIVE_COMPILATION_CONDITIONS = DEBUG;
				SWIFT_OPTIMIZATION_LEVEL = "-Onone";
			};
			name = Debug;
		};
		E0FD11CC21477965008C2EF8 /* Staging */ = {
			isa = XCBuildConfiguration;
			baseConfigurationReference = E0FD1208214781CA008C2EF8 /* Application.xcconfig */;
			buildSettings = {
				CLANG_WARN_QUOTED_INCLUDE_IN_FRAMEWORK_HEADER = YES;
				IPHONEOS_DEPLOYMENT_TARGET = 14.0;
				MTL_ENABLE_DEBUG_INFO = NO;
				MTL_FAST_MATH = YES;
				OTHER_SWIFT_FLAGS = "";
				SWIFT_COMPILATION_MODE = wholemodule;
				SWIFT_OPTIMIZATION_LEVEL = "-O";
			};
			name = Staging;
		};
		E0FD11CE21477965008C2EF8 /* Debug */ = {
			isa = XCBuildConfiguration;
			baseConfigurationReference = E0FD1205214781CA008C2EF8 /* Debug.xcconfig */;
			buildSettings = {
				ASSETCATALOG_COMPILER_INCLUDE_ALL_APPICON_ASSETS = NO;
				CLANG_ENABLE_MODULES = YES;
				CURRENT_PROJECT_VERSION = 1;
				DEVELOPMENT_TEAM = 4D7YJ8BY8H;
				INFOPLIST_KEY_CFBundleDisplayName = ScheduleApp;
				LD_RUNPATH_SEARCH_PATHS = (
					"$(inherited)",
					"@executable_path/Frameworks",
				);
				MARKETING_VERSION = 1.0;
				PRODUCT_BUNDLE_IDENTIFIER = com.IgorKlyuzhev.ScheduleApp;
				SUPPORTED_PLATFORMS = "iphoneos iphonesimulator";
				SUPPORTS_MACCATALYST = NO;
				SUPPORTS_MAC_DESIGNED_FOR_IPHONE_IPAD = NO;
				SWIFT_OPTIMIZATION_LEVEL = "-Onone";
				SWIFT_VERSION = 5.0;
				TARGETED_DEVICE_FAMILY = 1;
			};
			name = Debug;
		};
		E0FD11CF21477965008C2EF8 /* Staging */ = {
			isa = XCBuildConfiguration;
			baseConfigurationReference = E0FD1203214781CA008C2EF8 /* Staging.xcconfig */;
			buildSettings = {
				ASSETCATALOG_COMPILER_INCLUDE_ALL_APPICON_ASSETS = NO;
				CLANG_ENABLE_MODULES = YES;
				CODE_SIGN_IDENTITY = "Apple Development";
				CODE_SIGN_STYLE = Automatic;
				CURRENT_PROJECT_VERSION = 1;
				DEVELOPMENT_TEAM = 4D7YJ8BY8H;
				INFOPLIST_KEY_CFBundleDisplayName = ScheduleApp;
				LD_RUNPATH_SEARCH_PATHS = (
					"$(inherited)",
					"@executable_path/Frameworks",
				);
				MARKETING_VERSION = 1.0;
				PRODUCT_BUNDLE_IDENTIFIER = com.IgorKlyuzhev.ScheduleApp;
				PROVISIONING_PROFILE_SPECIFIER = "";
				SUPPORTED_PLATFORMS = "iphoneos iphonesimulator";
				SUPPORTS_MACCATALYST = NO;
				SUPPORTS_MAC_DESIGNED_FOR_IPHONE_IPAD = NO;
				SWIFT_VERSION = 5.0;
				TARGETED_DEVICE_FAMILY = 1;
			};
			name = Staging;
		};
		E0FD11D121477965008C2EF8 /* Debug */ = {
			isa = XCBuildConfiguration;
			baseConfigurationReference = E0FD120A214781CA008C2EF8 /* DebugTest.xcconfig */;
			buildSettings = {
			};
			name = Debug;
		};
		E0FD11D221477965008C2EF8 /* Staging */ = {
			isa = XCBuildConfiguration;
			baseConfigurationReference = E0FD1209214781CA008C2EF8 /* StagingTest.xcconfig */;
			buildSettings = {
			};
			name = Staging;
		};
/* End XCBuildConfiguration section */

/* Begin XCConfigurationList section */
		E0FD11AB21477963008C2EF8 /* Build configuration list for PBXProject "ScheduleApp" */ = {
			isa = XCConfigurationList;
			buildConfigurations = (
				E0FD11CB21477965008C2EF8 /* Debug */,
				E0FD11CC21477965008C2EF8 /* Staging */,
				E0C82F4621478B2D009EA559 /* Release */,
			);
			defaultConfigurationIsVisible = 0;
			defaultConfigurationName = Staging;
		};
		E0FD11CD21477965008C2EF8 /* Build configuration list for PBXNativeTarget "ScheduleApp" */ = {
			isa = XCConfigurationList;
			buildConfigurations = (
				E0FD11CE21477965008C2EF8 /* Debug */,
				E0FD11CF21477965008C2EF8 /* Staging */,
				E0C82F4721478B2D009EA559 /* Release */,
			);
			defaultConfigurationIsVisible = 0;
			defaultConfigurationName = Staging;
		};
		E0FD11D021477965008C2EF8 /* Build configuration list for PBXNativeTarget "ScheduleAppTests" */ = {
			isa = XCConfigurationList;
			buildConfigurations = (
				E0FD11D121477965008C2EF8 /* Debug */,
				E0FD11D221477965008C2EF8 /* Staging */,
				E0C82F4821478B2D009EA559 /* Release */,
			);
			defaultConfigurationIsVisible = 0;
			defaultConfigurationName = Staging;
		};
/* End XCConfigurationList section */

/* Begin XCRemoteSwiftPackageReference section */
		A513BB7F2909964000317E6B /* XCRemoteSwiftPackageReference "atlantis" */ = {
			isa = XCRemoteSwiftPackageReference;
			repositoryURL = "https://github.com/ProxymanApp/atlantis";
			requirement = {
				kind = upToNextMajorVersion;
				minimumVersion = 1.0.0;
			};
		};
		A53A54A528D8F1D0004E0D66 /* XCRemoteSwiftPackageReference "Kingfisher" */ = {
			isa = XCRemoteSwiftPackageReference;
			repositoryURL = "https://github.com/onevcat/Kingfisher";
			requirement = {
				kind = upToNextMajorVersion;
				minimumVersion = 7.0.0;
			};
		};
		A53A54BE28D8F237004E0D66 /* XCRemoteSwiftPackageReference "SPIndicator" */ = {
			isa = XCRemoteSwiftPackageReference;
			repositoryURL = "https://github.com/ivanvorobei/SPIndicator";
			requirement = {
				kind = upToNextMajorVersion;
				minimumVersion = 1.0.0;
			};
		};
		A53A54C128D8F247004E0D66 /* XCRemoteSwiftPackageReference "Reusable" */ = {
			isa = XCRemoteSwiftPackageReference;
			repositoryURL = "https://github.com/AliSoftware/Reusable.git";
			requirement = {
				kind = upToNextMajorVersion;
				minimumVersion = 4.0.0;
			};
		};
		A53A54C428D8F253004E0D66 /* XCRemoteSwiftPackageReference "SafeSFSymbols" */ = {
			isa = XCRemoteSwiftPackageReference;
			repositoryURL = "https://github.com/sparrowcode/SafeSFSymbols";
			requirement = {
				kind = upToNextMajorVersion;
				minimumVersion = 1.0.0;
			};
		};
		A53A54C728D8F262004E0D66 /* XCRemoteSwiftPackageReference "SnapKit" */ = {
			isa = XCRemoteSwiftPackageReference;
			repositoryURL = "https://github.com/SnapKit/SnapKit";
			requirement = {
				kind = upToNextMajorVersion;
				minimumVersion = 5.0.0;
			};
		};
		A53A54CA28D8F270004E0D66 /* XCRemoteSwiftPackageReference "SPConfetti" */ = {
			isa = XCRemoteSwiftPackageReference;
			repositoryURL = "https://github.com/ivanvorobei/SPConfetti";
			requirement = {
				kind = upToNextMajorVersion;
				minimumVersion = 1.0.0;
			};
		};
		A54F7D0728DE29F700245559 /* XCRemoteSwiftPackageReference "JTAppleCalendar" */ = {
			isa = XCRemoteSwiftPackageReference;
			repositoryURL = "https://github.com/patchthecode/JTAppleCalendar";
			requirement = {
				kind = upToNextMajorVersion;
				minimumVersion = 8.0.0;
			};
		};
		A54F7D5128E34B9700245559 /* XCRemoteSwiftPackageReference "STTextView" */ = {
			isa = XCRemoteSwiftPackageReference;
			repositoryURL = "https://github.com/onl1ner/STTextView";
			requirement = {
				kind = upToNextMajorVersion;
				minimumVersion = 1.0.0;
			};
		};
		A56716E3290710C400CEE8EE /* XCRemoteSwiftPackageReference "KeychainAccess" */ = {
			isa = XCRemoteSwiftPackageReference;
			repositoryURL = "https://github.com/kishikawakatsumi/KeychainAccess";
			requirement = {
				branch = master;
				kind = branch;
			};
		};
		A56716E62907D80F00CEE8EE /* XCRemoteSwiftPackageReference "Moya" */ = {
			isa = XCRemoteSwiftPackageReference;
			repositoryURL = "https://github.com/Moya/Moya.git";
			requirement = {
				kind = upToNextMajorVersion;
				minimumVersion = 15.0.0;
			};
		};
		A568DF2128D3D0FD00341814 /* XCRemoteSwiftPackageReference "async-plus" */ = {
			isa = XCRemoteSwiftPackageReference;
			repositoryURL = "https://github.com/async-plus/async-plus.git";
			requirement = {
				kind = upToNextMajorVersion;
				minimumVersion = 1.0.0;
			};
		};
		A57F5599290C0257006509CB /* XCRemoteSwiftPackageReference "PermissionsKit" */ = {
			isa = XCRemoteSwiftPackageReference;
			repositoryURL = "https://github.com/sparrowcode/PermissionsKit";
			requirement = {
				kind = upToNextMajorVersion;
				minimumVersion = 9.0.0;
			};
		};
		A5A78D8128EB8B1600646816 /* XCRemoteSwiftPackageReference "CocoaTextField" */ = {
			isa = XCRemoteSwiftPackageReference;
			repositoryURL = "https://github.com/edgar-zigis/CocoaTextField";
			requirement = {
				kind = upToNextMajorVersion;
				minimumVersion = 1.0.0;
			};
		};
		A5B5B99228D915EB001D3C93 /* XCRemoteSwiftPackageReference "SkeletonView" */ = {
			isa = XCRemoteSwiftPackageReference;
			repositoryURL = "https://github.com/Juanpe/SkeletonView.git";
			requirement = {
				kind = upToNextMajorVersion;
				minimumVersion = 1.0.0;
			};
		};
		A5B5B99B28D923A0001D3C93 /* XCRemoteSwiftPackageReference "lottie-ios" */ = {
			isa = XCRemoteSwiftPackageReference;
			repositoryURL = "https://github.com/airbnb/lottie-ios";
			requirement = {
				kind = upToNextMajorVersion;
				minimumVersion = 3.0.0;
			};
		};
		A5B5B9A328D92F54001D3C93 /* XCRemoteSwiftPackageReference "GradientLoadingBar" */ = {
			isa = XCRemoteSwiftPackageReference;
			repositoryURL = "https://github.com/fxm90/GradientLoadingBar";
			requirement = {
				kind = upToNextMajorVersion;
				minimumVersion = 3.0.0;
			};
		};
/* End XCRemoteSwiftPackageReference section */

/* Begin XCSwiftPackageProductDependency section */
		A513BB802909964000317E6B /* Atlantis */ = {
			isa = XCSwiftPackageProductDependency;
			package = A513BB7F2909964000317E6B /* XCRemoteSwiftPackageReference "atlantis" */;
			productName = Atlantis;
		};
		A53A54A628D8F1D0004E0D66 /* Kingfisher */ = {
			isa = XCSwiftPackageProductDependency;
			package = A53A54A528D8F1D0004E0D66 /* XCRemoteSwiftPackageReference "Kingfisher" */;
			productName = Kingfisher;
		};
		A53A54BF28D8F237004E0D66 /* SPIndicator */ = {
			isa = XCSwiftPackageProductDependency;
			package = A53A54BE28D8F237004E0D66 /* XCRemoteSwiftPackageReference "SPIndicator" */;
			productName = SPIndicator;
		};
		A53A54C228D8F247004E0D66 /* Reusable */ = {
			isa = XCSwiftPackageProductDependency;
			package = A53A54C128D8F247004E0D66 /* XCRemoteSwiftPackageReference "Reusable" */;
			productName = Reusable;
		};
		A53A54C528D8F253004E0D66 /* SafeSFSymbols */ = {
			isa = XCSwiftPackageProductDependency;
			package = A53A54C428D8F253004E0D66 /* XCRemoteSwiftPackageReference "SafeSFSymbols" */;
			productName = SafeSFSymbols;
		};
		A53A54C828D8F262004E0D66 /* SnapKit */ = {
			isa = XCSwiftPackageProductDependency;
			package = A53A54C728D8F262004E0D66 /* XCRemoteSwiftPackageReference "SnapKit" */;
			productName = SnapKit;
		};
		A53A54CB28D8F270004E0D66 /* SPConfetti */ = {
			isa = XCSwiftPackageProductDependency;
			package = A53A54CA28D8F270004E0D66 /* XCRemoteSwiftPackageReference "SPConfetti" */;
			productName = SPConfetti;
		};
		A54F7D0828DE29F700245559 /* JTAppleCalendar */ = {
			isa = XCSwiftPackageProductDependency;
			package = A54F7D0728DE29F700245559 /* XCRemoteSwiftPackageReference "JTAppleCalendar" */;
			productName = JTAppleCalendar;
		};
		A54F7D5228E34B9800245559 /* STTextView */ = {
			isa = XCSwiftPackageProductDependency;
			package = A54F7D5128E34B9700245559 /* XCRemoteSwiftPackageReference "STTextView" */;
			productName = STTextView;
		};
		A56716E4290710C400CEE8EE /* KeychainAccess */ = {
			isa = XCSwiftPackageProductDependency;
			package = A56716E3290710C400CEE8EE /* XCRemoteSwiftPackageReference "KeychainAccess" */;
			productName = KeychainAccess;
		};
		A56716E72907D80F00CEE8EE /* Moya */ = {
			isa = XCSwiftPackageProductDependency;
			package = A56716E62907D80F00CEE8EE /* XCRemoteSwiftPackageReference "Moya" */;
			productName = Moya;
		};
		A568DF2228D3D0FD00341814 /* AsyncPlus */ = {
			isa = XCSwiftPackageProductDependency;
			package = A568DF2128D3D0FD00341814 /* XCRemoteSwiftPackageReference "async-plus" */;
			productName = AsyncPlus;
		};
		A57F559A290C0257006509CB /* NotificationPermission */ = {
			isa = XCSwiftPackageProductDependency;
			package = A57F5599290C0257006509CB /* XCRemoteSwiftPackageReference "PermissionsKit" */;
			productName = NotificationPermission;
		};
		A5A78D8228EB8B1600646816 /* CocoaTextField */ = {
			isa = XCSwiftPackageProductDependency;
			package = A5A78D8128EB8B1600646816 /* XCRemoteSwiftPackageReference "CocoaTextField" */;
			productName = CocoaTextField;
		};
		A5B5B99328D915EB001D3C93 /* SkeletonView */ = {
			isa = XCSwiftPackageProductDependency;
			package = A5B5B99228D915EB001D3C93 /* XCRemoteSwiftPackageReference "SkeletonView" */;
			productName = SkeletonView;
		};
		A5B5B99C28D923A0001D3C93 /* Lottie */ = {
			isa = XCSwiftPackageProductDependency;
			package = A5B5B99B28D923A0001D3C93 /* XCRemoteSwiftPackageReference "lottie-ios" */;
			productName = Lottie;
		};
		A5B5B9A428D92F54001D3C93 /* GradientLoadingBar */ = {
			isa = XCSwiftPackageProductDependency;
			package = A5B5B9A328D92F54001D3C93 /* XCRemoteSwiftPackageReference "GradientLoadingBar" */;
			productName = GradientLoadingBar;
		};
/* End XCSwiftPackageProductDependency section */
	};
	rootObject = E0FD11A821477963008C2EF8 /* Project object */;
}
